// !$*UTF8*$!
{
	archiveVersion = 1;
	classes = {
	};
	objectVersion = 48;
	objects = {

/* Begin PBXBuildFile section */
		21901AD823990E200011C858 /* libc++.tbd in Frameworks */ = {isa = PBXBuildFile; fileRef = 97357DAB2390CA780015FFF6 /* libc++.tbd */; };
		21F4775923B196A300EF6438 /* F10V2TEST_1.swift in Sources */ = {isa = PBXBuildFile; fileRef = 21F4775823B196A300EF6438 /* F10V2TEST_1.swift */; };
		21F4775B23B1975500EF6438 /* F10V2TEST_2.swift in Sources */ = {isa = PBXBuildFile; fileRef = 21F4775A23B1975500EF6438 /* F10V2TEST_2.swift */; };
		21F4775D23B19ACB00EF6438 /* F10V2TEST_3.swift in Sources */ = {isa = PBXBuildFile; fileRef = 21F4775C23B19ACB00EF6438 /* F10V2TEST_3.swift */; };
		21F4775F23B19BF300EF6438 /* F10V2TEST_4.swift in Sources */ = {isa = PBXBuildFile; fileRef = 21F4775E23B19BF300EF6438 /* F10V2TEST_4.swift */; };
		21F4778523B445E700EF6438 /* MOREPRICE_2.swift in Sources */ = {isa = PBXBuildFile; fileRef = 21F4778423B445E700EF6438 /* MOREPRICE_2.swift */; };
		21F4779F23B4C4FD00EF6438 /* L2TICKV2_2.swift in Sources */ = {isa = PBXBuildFile; fileRef = 21F4779E23B4C4FD00EF6438 /* L2TICKV2_2.swift */; };
		21F477A123B4C5A600EF6438 /* L2TICKDETAILV2_1.swift in Sources */ = {isa = PBXBuildFile; fileRef = 21F477A023B4C5A600EF6438 /* L2TICKDETAILV2_1.swift */; };
		21F478D823B9993D00EF6438 /* libMApi.a in Frameworks */ = {isa = PBXBuildFile; fileRef = 21F478D723B9993D00EF6438 /* libMApi.a */; };
		21F478DB23BADE5100EF6438 /* LogCollector.swift in Sources */ = {isa = PBXBuildFile; fileRef = 21F478D923BADE5100EF6438 /* LogCollector.swift */; };
		21F478DC23BADE5100EF6438 /* MongoCollector.swift in Sources */ = {isa = PBXBuildFile; fileRef = 21F478DA23BADE5100EF6438 /* MongoCollector.swift */; };
		4889D9AABFA7B1DBD71B43C9 /* Pods_IOSTestRunnerUITests.framework in Frameworks */ = {isa = PBXBuildFile; fileRef = 3C3DC3C8A823E79661CF21C1 /* Pods_IOSTestRunnerUITests.framework */; };
		6785ABBAD5E48E3A33F6E05B /* Pods_IOSTestRunner.framework in Frameworks */ = {isa = PBXBuildFile; fileRef = D4A94600D5B65976CE633A43 /* Pods_IOSTestRunner.framework */; };
		957B7B1966B23F3077BBCE2B /* Pods_IOSTestRunnerTests.framework in Frameworks */ = {isa = PBXBuildFile; fileRef = 3C750F670F572446A1C2D3D0 /* Pods_IOSTestRunnerTests.framework */; };
		97357DAA238F54AA0015FFF6 /* MOREVOLUMETEST_1.swift in Sources */ = {isa = PBXBuildFile; fileRef = 97357DA9238F54AA0015FFF6 /* MOREVOLUMETEST_1.swift */; };
		973B84E6237125250023C230 /* BANKUAIQUOTE_1.swift in Sources */ = {isa = PBXBuildFile; fileRef = 973B84D7237125250023C230 /* BANKUAIQUOTE_1.swift */; };
		A11F65832314D3F6000071A2 /* config.pb.swift in Sources */ = {isa = PBXBuildFile; fileRef = A11F65822314D3F6000071A2 /* config.pb.swift */; };
		A11F869B23156AAB00F75635 /* TestCaseRoundConfig.swift in Sources */ = {isa = PBXBuildFile; fileRef = A11F869A23156AAB00F75635 /* TestCaseRoundConfig.swift */; };
		A153910B23113DF3007648F4 /* AppDelegate.swift in Sources */ = {isa = PBXBuildFile; fileRef = A153910A23113DF3007648F4 /* AppDelegate.swift */; };
		A153910D23113DF3007648F4 /* ViewController.swift in Sources */ = {isa = PBXBuildFile; fileRef = A153910C23113DF3007648F4 /* ViewController.swift */; };
		A153911023113DF3007648F4 /* Main.storyboard in Resources */ = {isa = PBXBuildFile; fileRef = A153910E23113DF3007648F4 /* Main.storyboard */; };
		A153911223113DF3007648F4 /* Assets.xcassets in Resources */ = {isa = PBXBuildFile; fileRef = A153911123113DF3007648F4 /* Assets.xcassets */; };
		A153911523113DF3007648F4 /* LaunchScreen.storyboard in Resources */ = {isa = PBXBuildFile; fileRef = A153911323113DF3007648F4 /* LaunchScreen.storyboard */; };
		A153912B23113DF3007648F4 /* IOSTestRunnerUITests.swift in Sources */ = {isa = PBXBuildFile; fileRef = A153912A23113DF3007648F4 /* IOSTestRunnerUITests.swift */; };
		A1658D1623177FD100B876D3 /* SDKSetup.swift in Sources */ = {isa = PBXBuildFile; fileRef = A1658D1523177FD100B876D3 /* SDKSetup.swift */; };
		A1658DCB231AA0DB00B876D3 /* SystemConfiguration.framework in Frameworks */ = {isa = PBXBuildFile; fileRef = A1658D362318E84700B876D3 /* SystemConfiguration.framework */; };
		A1658DCC231AA0E100B876D3 /* CoreData.framework in Frameworks */ = {isa = PBXBuildFile; fileRef = A1658D3A2318E85900B876D3 /* CoreData.framework */; };
		A1C0CEA7231F61E0002F1A26 /* record.pb.swift in Sources */ = {isa = PBXBuildFile; fileRef = A1C0CEA6231F61E0002F1A26 /* record.pb.swift */; };
		A1C68387231180E0001F7CD0 /* RunnerSetup.swift in Sources */ = {isa = PBXBuildFile; fileRef = A1C68386231180E0001F7CD0 /* RunnerSetup.swift */; };
		A1C6838923123DEE001F7CD0 /* StockTestCaseName.swift in Sources */ = {isa = PBXBuildFile; fileRef = A1C6838823123DEE001F7CD0 /* StockTestCaseName.swift */; };
		A1DA4151231E49750019A5D4 /* TestResultCollector.swift in Sources */ = {isa = PBXBuildFile; fileRef = A1DA4150231E49750019A5D4 /* TestResultCollector.swift */; };
		A1DA4153231E4D5A0019A5D4 /* StockTestObservation.swift in Sources */ = {isa = PBXBuildFile; fileRef = A1DA4152231E4D5A0019A5D4 /* StockTestObservation.swift */; };
		A1F7BF41231388DE00687389 /* Utils.swift in Sources */ = {isa = PBXBuildFile; fileRef = A1F7BF40231388DE00687389 /* Utils.swift */; };
		A1F7BF432313D4D800687389 /* BaseTestCase.swift in Sources */ = {isa = PBXBuildFile; fileRef = A1F7BF422313D4D800687389 /* BaseTestCase.swift */; };
		A1F7BF462313DB4D00687389 /* ParametrizedTestCase.m in Sources */ = {isa = PBXBuildFile; fileRef = A1F7BF452313DB4D00687389 /* ParametrizedTestCase.m */; };
		A1FEE1C2235471DB007FD238 /* MobileCoreServices.framework in Frameworks */ = {isa = PBXBuildFile; fileRef = A1FEE1C1235471DB007FD238 /* MobileCoreServices.framework */; };
		A1FEE235235475B9007FD238 /* SUBNEWBONDSTOCKRANKING_1.swift in Sources */ = {isa = PBXBuildFile; fileRef = A1FEE1D2235475AF007FD238 /* SUBNEWBONDSTOCKRANKING_1.swift */; };
		A1FEE239235475B9007FD238 /* L2TICKV2_1.swift in Sources */ = {isa = PBXBuildFile; fileRef = A1FEE1D6235475B0007FD238 /* L2TICKV2_1.swift */; };
		A1FEE263235475B9007FD238 /* L2TICKDETAILV2_2.swift in Sources */ = {isa = PBXBuildFile; fileRef = A1FEE200235475B4007FD238 /* L2TICKDETAILV2_2.swift */; };
		A1FEE267235475B9007FD238 /* BANKUAISORTING_2.swift in Sources */ = {isa = PBXBuildFile; fileRef = A1FEE204235475B5007FD238 /* BANKUAISORTING_2.swift */; };
		A1FEE271235475B9007FD238 /* SUBNEWSTOCKRANKING_1.swift in Sources */ = {isa = PBXBuildFile; fileRef = A1FEE20E235475B6007FD238 /* SUBNEWSTOCKRANKING_1.swift */; };
		A1FEE27A235475B9007FD238 /* BANKUAISORTING_1.swift in Sources */ = {isa = PBXBuildFile; fileRef = A1FEE217235475B7007FD238 /* BANKUAISORTING_1.swift */; };
		A1FEE27C235475B9007FD238 /* MOREPRICE_1.swift in Sources */ = {isa = PBXBuildFile; fileRef = A1FEE219235475B7007FD238 /* MOREPRICE_1.swift */; };
/* End PBXBuildFile section */

/* Begin PBXContainerItemProxy section */
		A153911C23113DF3007648F4 /* PBXContainerItemProxy */ = {
			isa = PBXContainerItemProxy;
			containerPortal = A15390FF23113DF3007648F4 /* Project object */;
			proxyType = 1;
			remoteGlobalIDString = A153910623113DF3007648F4;
			remoteInfo = IOSTestRunner;
		};
		A153912723113DF3007648F4 /* PBXContainerItemProxy */ = {
			isa = PBXContainerItemProxy;
			containerPortal = A15390FF23113DF3007648F4 /* Project object */;
			proxyType = 1;
			remoteGlobalIDString = A153910623113DF3007648F4;
			remoteInfo = IOSTestRunner;
		};
/* End PBXContainerItemProxy section */

/* Begin PBXFileReference section */
		02210385DFA559ED7FC610E5 /* Pods-IOSTestRunner.release.xcconfig */ = {isa = PBXFileReference; includeInIndex = 1; lastKnownFileType = text.xcconfig; name = "Pods-IOSTestRunner.release.xcconfig"; path = "Target Support Files/Pods-IOSTestRunner/Pods-IOSTestRunner.release.xcconfig"; sourceTree = "<group>"; };
		21F4775823B196A300EF6438 /* F10V2TEST_1.swift */ = {isa = PBXFileReference; lastKnownFileType = sourcecode.swift; path = F10V2TEST_1.swift; sourceTree = "<group>"; };
		21F4775A23B1975500EF6438 /* F10V2TEST_2.swift */ = {isa = PBXFileReference; lastKnownFileType = sourcecode.swift; path = F10V2TEST_2.swift; sourceTree = "<group>"; };
		21F4775C23B19ACB00EF6438 /* F10V2TEST_3.swift */ = {isa = PBXFileReference; lastKnownFileType = sourcecode.swift; path = F10V2TEST_3.swift; sourceTree = "<group>"; };
		21F4775E23B19BF300EF6438 /* F10V2TEST_4.swift */ = {isa = PBXFileReference; lastKnownFileType = sourcecode.swift; path = F10V2TEST_4.swift; sourceTree = "<group>"; };
		21F4778423B445E700EF6438 /* MOREPRICE_2.swift */ = {isa = PBXFileReference; lastKnownFileType = sourcecode.swift; path = MOREPRICE_2.swift; sourceTree = "<group>"; };
		21F4779E23B4C4FD00EF6438 /* L2TICKV2_2.swift */ = {isa = PBXFileReference; lastKnownFileType = sourcecode.swift; path = L2TICKV2_2.swift; sourceTree = "<group>"; };
		21F477A023B4C5A600EF6438 /* L2TICKDETAILV2_1.swift */ = {isa = PBXFileReference; lastKnownFileType = sourcecode.swift; path = L2TICKDETAILV2_1.swift; sourceTree = "<group>"; };
		21F478D723B9993D00EF6438 /* libMApi.a */ = {isa = PBXFileReference; lastKnownFileType = archive.ar; name = libMApi.a; path = "../../IOSTestRunner-master/libMApi.a"; sourceTree = "<group>"; };
		21F478D923BADE5100EF6438 /* LogCollector.swift */ = {isa = PBXFileReference; fileEncoding = 4; lastKnownFileType = sourcecode.swift; path = LogCollector.swift; sourceTree = "<group>"; };
		21F478DA23BADE5100EF6438 /* MongoCollector.swift */ = {isa = PBXFileReference; fileEncoding = 4; lastKnownFileType = sourcecode.swift; path = MongoCollector.swift; sourceTree = "<group>"; };
		3C3DC3C8A823E79661CF21C1 /* Pods_IOSTestRunnerUITests.framework */ = {isa = PBXFileReference; explicitFileType = wrapper.framework; includeInIndex = 0; path = Pods_IOSTestRunnerUITests.framework; sourceTree = BUILT_PRODUCTS_DIR; };
		3C750F670F572446A1C2D3D0 /* Pods_IOSTestRunnerTests.framework */ = {isa = PBXFileReference; explicitFileType = wrapper.framework; includeInIndex = 0; path = Pods_IOSTestRunnerTests.framework; sourceTree = BUILT_PRODUCTS_DIR; };
		4EB4EE57B2D9E4412B12A130 /* Pods-IOSTestRunner.debug.xcconfig */ = {isa = PBXFileReference; includeInIndex = 1; lastKnownFileType = text.xcconfig; name = "Pods-IOSTestRunner.debug.xcconfig"; path = "Target Support Files/Pods-IOSTestRunner/Pods-IOSTestRunner.debug.xcconfig"; sourceTree = "<group>"; };
		97357DA9238F54AA0015FFF6 /* MOREVOLUMETEST_1.swift */ = {isa = PBXFileReference; lastKnownFileType = sourcecode.swift; path = MOREVOLUMETEST_1.swift; sourceTree = "<group>"; };
		97357DAB2390CA780015FFF6 /* libc++.tbd */ = {isa = PBXFileReference; lastKnownFileType = "sourcecode.text-based-dylib-definition"; name = "libc++.tbd"; path = "Platforms/MacOSX.platform/Developer/SDKs/MacOSX10.15.sdk/usr/lib/libc++.tbd"; sourceTree = DEVELOPER_DIR; };
		973B84D7237125250023C230 /* BANKUAIQUOTE_1.swift */ = {isa = PBXFileReference; fileEncoding = 4; lastKnownFileType = sourcecode.swift; path = BANKUAIQUOTE_1.swift; sourceTree = "<group>"; };
		9DC61FBFB7002141182E1DB4 /* Pods-IOSTestRunnerTests.debug.xcconfig */ = {isa = PBXFileReference; includeInIndex = 1; lastKnownFileType = text.xcconfig; name = "Pods-IOSTestRunnerTests.debug.xcconfig"; path = "Target Support Files/Pods-IOSTestRunnerTests/Pods-IOSTestRunnerTests.debug.xcconfig"; sourceTree = "<group>"; };
		A11F65822314D3F6000071A2 /* config.pb.swift */ = {isa = PBXFileReference; fileEncoding = 4; lastKnownFileType = sourcecode.swift; path = config.pb.swift; sourceTree = "<group>"; };
		A11F869A23156AAB00F75635 /* TestCaseRoundConfig.swift */ = {isa = PBXFileReference; lastKnownFileType = sourcecode.swift; path = TestCaseRoundConfig.swift; sourceTree = "<group>"; };
		A153910723113DF3007648F4 /* IOSTestRunner.app */ = {isa = PBXFileReference; explicitFileType = wrapper.application; includeInIndex = 0; path = IOSTestRunner.app; sourceTree = BUILT_PRODUCTS_DIR; };
		A153910A23113DF3007648F4 /* AppDelegate.swift */ = {isa = PBXFileReference; lastKnownFileType = sourcecode.swift; path = AppDelegate.swift; sourceTree = "<group>"; };
		A153910C23113DF3007648F4 /* ViewController.swift */ = {isa = PBXFileReference; lastKnownFileType = sourcecode.swift; path = ViewController.swift; sourceTree = "<group>"; };
		A153910F23113DF3007648F4 /* Base */ = {isa = PBXFileReference; lastKnownFileType = file.storyboard; name = Base; path = Base.lproj/Main.storyboard; sourceTree = "<group>"; };
		A153911123113DF3007648F4 /* Assets.xcassets */ = {isa = PBXFileReference; lastKnownFileType = folder.assetcatalog; path = Assets.xcassets; sourceTree = "<group>"; };
		A153911423113DF3007648F4 /* Base */ = {isa = PBXFileReference; lastKnownFileType = file.storyboard; name = Base; path = Base.lproj/LaunchScreen.storyboard; sourceTree = "<group>"; };
		A153911623113DF3007648F4 /* Info.plist */ = {isa = PBXFileReference; lastKnownFileType = text.plist.xml; path = Info.plist; sourceTree = "<group>"; };
		A153911B23113DF3007648F4 /* IOSTestRunnerTests.xctest */ = {isa = PBXFileReference; explicitFileType = wrapper.cfbundle; includeInIndex = 0; path = IOSTestRunnerTests.xctest; sourceTree = BUILT_PRODUCTS_DIR; };
		A153912123113DF3007648F4 /* Info.plist */ = {isa = PBXFileReference; lastKnownFileType = text.plist.xml; path = Info.plist; sourceTree = "<group>"; };
		A153912623113DF3007648F4 /* IOSTestRunnerUITests.xctest */ = {isa = PBXFileReference; explicitFileType = wrapper.cfbundle; includeInIndex = 0; path = IOSTestRunnerUITests.xctest; sourceTree = BUILT_PRODUCTS_DIR; };
		A153912A23113DF3007648F4 /* IOSTestRunnerUITests.swift */ = {isa = PBXFileReference; lastKnownFileType = sourcecode.swift; path = IOSTestRunnerUITests.swift; sourceTree = "<group>"; };
		A153912C23113DF3007648F4 /* Info.plist */ = {isa = PBXFileReference; lastKnownFileType = text.plist.xml; path = Info.plist; sourceTree = "<group>"; };
		A1658D1523177FD100B876D3 /* SDKSetup.swift */ = {isa = PBXFileReference; lastKnownFileType = sourcecode.swift; path = SDKSetup.swift; sourceTree = "<group>"; };
		A1658D1A2317D4F400B876D3 /* libc++.tbd */ = {isa = PBXFileReference; lastKnownFileType = "sourcecode.text-based-dylib-definition"; name = "libc++.tbd"; path = "usr/lib/libc++.tbd"; sourceTree = SDKROOT; };
		A1658D362318E84700B876D3 /* SystemConfiguration.framework */ = {isa = PBXFileReference; lastKnownFileType = wrapper.framework; name = SystemConfiguration.framework; path = System/Library/Frameworks/SystemConfiguration.framework; sourceTree = SDKROOT; };
		A1658D382318E85000B876D3 /* libz.tbd */ = {isa = PBXFileReference; lastKnownFileType = "sourcecode.text-based-dylib-definition"; name = libz.tbd; path = usr/lib/libz.tbd; sourceTree = SDKROOT; };
		A1658D3A2318E85900B876D3 /* CoreData.framework */ = {isa = PBXFileReference; lastKnownFileType = wrapper.framework; name = CoreData.framework; path = System/Library/Frameworks/CoreData.framework; sourceTree = SDKROOT; };
		A1658DA0231A494000B876D3 /* MApiObject+Info.h */ = {isa = PBXFileReference; fileEncoding = 4; lastKnownFileType = sourcecode.c.h; path = "MApiObject+Info.h"; sourceTree = "<group>"; };
		A1658DA1231A494000B876D3 /* MApiObject.h */ = {isa = PBXFileReference; fileEncoding = 4; lastKnownFileType = sourcecode.c.h; path = MApiObject.h; sourceTree = "<group>"; };
		A1658DA2231A494000B876D3 /* MChartView.h */ = {isa = PBXFileReference; fileEncoding = 4; lastKnownFileType = sourcecode.c.h; path = MChartView.h; sourceTree = "<group>"; };
		A1658DA3231A494000B876D3 /* MApi.h */ = {isa = PBXFileReference; fileEncoding = 4; lastKnownFileType = sourcecode.c.h; path = MApi.h; sourceTree = "<group>"; };
		A1658DA4231A494000B876D3 /* MIPOCalendarView.h */ = {isa = PBXFileReference; fileEncoding = 4; lastKnownFileType = sourcecode.c.h; path = MIPOCalendarView.h; sourceTree = "<group>"; };
		A1658DA5231A494000B876D3 /* MIPODetailView.h */ = {isa = PBXFileReference; fileEncoding = 4; lastKnownFileType = sourcecode.c.h; path = MIPODetailView.h; sourceTree = "<group>"; };
		A1658DA6231A494000B876D3 /* MTOptionView.h */ = {isa = PBXFileReference; fileEncoding = 4; lastKnownFileType = sourcecode.c.h; path = MTOptionView.h; sourceTree = "<group>"; };
		A1C0CEA6231F61E0002F1A26 /* record.pb.swift */ = {isa = PBXFileReference; fileEncoding = 4; lastKnownFileType = sourcecode.swift; path = record.pb.swift; sourceTree = "<group>"; };
		A1C68386231180E0001F7CD0 /* RunnerSetup.swift */ = {isa = PBXFileReference; indentWidth = 4; lastKnownFileType = sourcecode.swift; path = RunnerSetup.swift; sourceTree = "<group>"; };
		A1C6838823123DEE001F7CD0 /* StockTestCaseName.swift */ = {isa = PBXFileReference; lastKnownFileType = sourcecode.swift; path = StockTestCaseName.swift; sourceTree = "<group>"; };
		A1C6838B23124596001F7CD0 /* IOSTestRunnerTests-Bridging-Header.h */ = {isa = PBXFileReference; lastKnownFileType = sourcecode.c.h; path = "IOSTestRunnerTests-Bridging-Header.h"; sourceTree = "<group>"; };
		A1DA4150231E49750019A5D4 /* TestResultCollector.swift */ = {isa = PBXFileReference; lastKnownFileType = sourcecode.swift; path = TestResultCollector.swift; sourceTree = "<group>"; };
		A1DA4152231E4D5A0019A5D4 /* StockTestObservation.swift */ = {isa = PBXFileReference; lastKnownFileType = sourcecode.swift; path = StockTestObservation.swift; sourceTree = "<group>"; };
		A1F7BF40231388DE00687389 /* Utils.swift */ = {isa = PBXFileReference; lastKnownFileType = sourcecode.swift; path = Utils.swift; sourceTree = "<group>"; };
		A1F7BF422313D4D800687389 /* BaseTestCase.swift */ = {isa = PBXFileReference; lastKnownFileType = sourcecode.swift; path = BaseTestCase.swift; sourceTree = "<group>"; };
		A1F7BF442313DB1C00687389 /* ParametrizedTestCase.h */ = {isa = PBXFileReference; lastKnownFileType = sourcecode.c.h; path = ParametrizedTestCase.h; sourceTree = "<group>"; };
		A1F7BF452313DB4D00687389 /* ParametrizedTestCase.m */ = {isa = PBXFileReference; lastKnownFileType = sourcecode.c.objc; path = ParametrizedTestCase.m; sourceTree = "<group>"; };
		A1FEE1C1235471DB007FD238 /* MobileCoreServices.framework */ = {isa = PBXFileReference; lastKnownFileType = wrapper.framework; name = MobileCoreServices.framework; path = System/Library/Frameworks/MobileCoreServices.framework; sourceTree = SDKROOT; };
		A1FEE1D2235475AF007FD238 /* SUBNEWBONDSTOCKRANKING_1.swift */ = {isa = PBXFileReference; fileEncoding = 4; lastKnownFileType = sourcecode.swift; path = SUBNEWBONDSTOCKRANKING_1.swift; sourceTree = "<group>"; };
		A1FEE1D6235475B0007FD238 /* L2TICKV2_1.swift */ = {isa = PBXFileReference; fileEncoding = 4; lastKnownFileType = sourcecode.swift; path = L2TICKV2_1.swift; sourceTree = "<group>"; };
		A1FEE200235475B4007FD238 /* L2TICKDETAILV2_2.swift */ = {isa = PBXFileReference; fileEncoding = 4; lastKnownFileType = sourcecode.swift; path = L2TICKDETAILV2_2.swift; sourceTree = "<group>"; };
		A1FEE204235475B5007FD238 /* BANKUAISORTING_2.swift */ = {isa = PBXFileReference; fileEncoding = 4; lastKnownFileType = sourcecode.swift; path = BANKUAISORTING_2.swift; sourceTree = "<group>"; };
		A1FEE20E235475B6007FD238 /* SUBNEWSTOCKRANKING_1.swift */ = {isa = PBXFileReference; fileEncoding = 4; lastKnownFileType = sourcecode.swift; path = SUBNEWSTOCKRANKING_1.swift; sourceTree = "<group>"; };
		A1FEE217235475B7007FD238 /* BANKUAISORTING_1.swift */ = {isa = PBXFileReference; fileEncoding = 4; lastKnownFileType = sourcecode.swift; path = BANKUAISORTING_1.swift; sourceTree = "<group>"; };
		A1FEE219235475B7007FD238 /* MOREPRICE_1.swift */ = {isa = PBXFileReference; fileEncoding = 4; lastKnownFileType = sourcecode.swift; path = MOREPRICE_1.swift; sourceTree = "<group>"; };
		AF2A90A5D7D394CAFFFEC886 /* Pods-IOSTestRunnerUITests.release.xcconfig */ = {isa = PBXFileReference; includeInIndex = 1; lastKnownFileType = text.xcconfig; name = "Pods-IOSTestRunnerUITests.release.xcconfig"; path = "Target Support Files/Pods-IOSTestRunnerUITests/Pods-IOSTestRunnerUITests.release.xcconfig"; sourceTree = "<group>"; };
		B9F9299787F0EE885B900D99 /* Pods-IOSTestRunnerUITests.debug.xcconfig */ = {isa = PBXFileReference; includeInIndex = 1; lastKnownFileType = text.xcconfig; name = "Pods-IOSTestRunnerUITests.debug.xcconfig"; path = "Target Support Files/Pods-IOSTestRunnerUITests/Pods-IOSTestRunnerUITests.debug.xcconfig"; sourceTree = "<group>"; };
		D4A94600D5B65976CE633A43 /* Pods_IOSTestRunner.framework */ = {isa = PBXFileReference; explicitFileType = wrapper.framework; includeInIndex = 0; path = Pods_IOSTestRunner.framework; sourceTree = BUILT_PRODUCTS_DIR; };
		D926D17FD62EDABC23E51D7A /* Pods-IOSTestRunnerTests.release.xcconfig */ = {isa = PBXFileReference; includeInIndex = 1; lastKnownFileType = text.xcconfig; name = "Pods-IOSTestRunnerTests.release.xcconfig"; path = "Target Support Files/Pods-IOSTestRunnerTests/Pods-IOSTestRunnerTests.release.xcconfig"; sourceTree = "<group>"; };
/* End PBXFileReference section */

/* Begin PBXFrameworksBuildPhase section */
		A153910423113DF3007648F4 /* Frameworks */ = {
			isa = PBXFrameworksBuildPhase;
			buildActionMask = 2147483647;
			files = (
				6785ABBAD5E48E3A33F6E05B /* Pods_IOSTestRunner.framework in Frameworks */,
			);
			runOnlyForDeploymentPostprocessing = 0;
		};
		A153911823113DF3007648F4 /* Frameworks */ = {
			isa = PBXFrameworksBuildPhase;
			buildActionMask = 2147483647;
			files = (
				21F478D823B9993D00EF6438 /* libMApi.a in Frameworks */,
				21901AD823990E200011C858 /* libc++.tbd in Frameworks */,
				A1FEE1C2235471DB007FD238 /* MobileCoreServices.framework in Frameworks */,
				A1658DCC231AA0E100B876D3 /* CoreData.framework in Frameworks */,
				A1658DCB231AA0DB00B876D3 /* SystemConfiguration.framework in Frameworks */,
				957B7B1966B23F3077BBCE2B /* Pods_IOSTestRunnerTests.framework in Frameworks */,
			);
			runOnlyForDeploymentPostprocessing = 0;
		};
		A153912323113DF3007648F4 /* Frameworks */ = {
			isa = PBXFrameworksBuildPhase;
			buildActionMask = 2147483647;
			files = (
				4889D9AABFA7B1DBD71B43C9 /* Pods_IOSTestRunnerUITests.framework in Frameworks */,
			);
			runOnlyForDeploymentPostprocessing = 0;
		};
/* End PBXFrameworksBuildPhase section */

/* Begin PBXGroup section */
		2F873115E952AA612FD86800 /* Pods */ = {
			isa = PBXGroup;
			children = (
				4EB4EE57B2D9E4412B12A130 /* Pods-IOSTestRunner.debug.xcconfig */,
				02210385DFA559ED7FC610E5 /* Pods-IOSTestRunner.release.xcconfig */,
				9DC61FBFB7002141182E1DB4 /* Pods-IOSTestRunnerTests.debug.xcconfig */,
				D926D17FD62EDABC23E51D7A /* Pods-IOSTestRunnerTests.release.xcconfig */,
				B9F9299787F0EE885B900D99 /* Pods-IOSTestRunnerUITests.debug.xcconfig */,
				AF2A90A5D7D394CAFFFEC886 /* Pods-IOSTestRunnerUITests.release.xcconfig */,
			);
			path = Pods;
			sourceTree = "<group>";
		};
		A15390FE23113DF3007648F4 = {
			isa = PBXGroup;
			children = (
				A153910923113DF3007648F4 /* IOSTestRunner */,
				A153911E23113DF3007648F4 /* IOSTestRunnerTests */,
				A153912923113DF3007648F4 /* IOSTestRunnerUITests */,
				A153910823113DF3007648F4 /* Products */,
				A1C6839223124C5A001F7CD0 /* Frameworks */,
				2F873115E952AA612FD86800 /* Pods */,
			);
			sourceTree = "<group>";
		};
		A153910823113DF3007648F4 /* Products */ = {
			isa = PBXGroup;
			children = (
				A153910723113DF3007648F4 /* IOSTestRunner.app */,
				A153911B23113DF3007648F4 /* IOSTestRunnerTests.xctest */,
				A153912623113DF3007648F4 /* IOSTestRunnerUITests.xctest */,
			);
			name = Products;
			sourceTree = "<group>";
		};
		A153910923113DF3007648F4 /* IOSTestRunner */ = {
			isa = PBXGroup;
			children = (
				A153910A23113DF3007648F4 /* AppDelegate.swift */,
				A153910C23113DF3007648F4 /* ViewController.swift */,
				A153910E23113DF3007648F4 /* Main.storyboard */,
				A153911123113DF3007648F4 /* Assets.xcassets */,
				A153911323113DF3007648F4 /* LaunchScreen.storyboard */,
				A153911623113DF3007648F4 /* Info.plist */,
			);
			path = IOSTestRunner;
			sourceTree = "<group>";
		};
		A153911E23113DF3007648F4 /* IOSTestRunnerTests */ = {
			isa = PBXGroup;
			children = (
				21F478D923BADE5100EF6438 /* LogCollector.swift */,
				21F478DA23BADE5100EF6438 /* MongoCollector.swift */,
				A1F7BF472313DBD900687389 /* base */,
				A1C683952312558A001F7CD0 /* cases */,
				A1C6838B23124596001F7CD0 /* IOSTestRunnerTests-Bridging-Header.h */,
				A1C6838A2312453C001F7CD0 /* protos */,
				A1C68385231180A6001F7CD0 /* setup */,
				A153912123113DF3007648F4 /* Info.plist */,
				A1C6838823123DEE001F7CD0 /* StockTestCaseName.swift */,
				A1F7BF40231388DE00687389 /* Utils.swift */,
				A1DA4150231E49750019A5D4 /* TestResultCollector.swift */,
				A1DA4152231E4D5A0019A5D4 /* StockTestObservation.swift */,
			);
			path = IOSTestRunnerTests;
			sourceTree = "<group>";
		};
		A153912923113DF3007648F4 /* IOSTestRunnerUITests */ = {
			isa = PBXGroup;
			children = (
				A153912A23113DF3007648F4 /* IOSTestRunnerUITests.swift */,
				A153912C23113DF3007648F4 /* Info.plist */,
			);
			path = IOSTestRunnerUITests;
			sourceTree = "<group>";
		};
		A1658D9F231A494000B876D3 /* MApi */ = {
			isa = PBXGroup;
			children = (
				A1658DA0231A494000B876D3 /* MApiObject+Info.h */,
				A1658DA1231A494000B876D3 /* MApiObject.h */,
				A1658DA2231A494000B876D3 /* MChartView.h */,
				A1658DA3231A494000B876D3 /* MApi.h */,
				A1658DA4231A494000B876D3 /* MIPOCalendarView.h */,
				A1658DA5231A494000B876D3 /* MIPODetailView.h */,
				A1658DA6231A494000B876D3 /* MTOptionView.h */,
			);
			name = MApi;
			path = sdk/MApi;
			sourceTree = "<group>";
		};
		A1C68385231180A6001F7CD0 /* setup */ = {
			isa = PBXGroup;
			children = (
				A1C68386231180E0001F7CD0 /* RunnerSetup.swift */,
				A11F869A23156AAB00F75635 /* TestCaseRoundConfig.swift */,
				A1658D1523177FD100B876D3 /* SDKSetup.swift */,
			);
			path = setup;
			sourceTree = "<group>";
		};
		A1C6838A2312453C001F7CD0 /* protos */ = {
			isa = PBXGroup;
			children = (
				A1C0CEA6231F61E0002F1A26 /* record.pb.swift */,
				A11F65822314D3F6000071A2 /* config.pb.swift */,
			);
			path = protos;
			sourceTree = "<group>";
		};
		A1C6839223124C5A001F7CD0 /* Frameworks */ = {
			isa = PBXGroup;
			children = (
				21F478D723B9993D00EF6438 /* libMApi.a */,
				97357DAB2390CA780015FFF6 /* libc++.tbd */,
				A1FEE1C1235471DB007FD238 /* MobileCoreServices.framework */,
				A1658D9F231A494000B876D3 /* MApi */,
				A1658D3A2318E85900B876D3 /* CoreData.framework */,
				A1658D382318E85000B876D3 /* libz.tbd */,
				A1658D362318E84700B876D3 /* SystemConfiguration.framework */,
				A1658D1A2317D4F400B876D3 /* libc++.tbd */,
				D4A94600D5B65976CE633A43 /* Pods_IOSTestRunner.framework */,
				3C750F670F572446A1C2D3D0 /* Pods_IOSTestRunnerTests.framework */,
				3C3DC3C8A823E79661CF21C1 /* Pods_IOSTestRunnerUITests.framework */,
			);
			name = Frameworks;
			sourceTree = "<group>";
		};
		A1C683952312558A001F7CD0 /* cases */ = {
			isa = PBXGroup;
			children = (
				973B84D7237125250023C230 /* BANKUAIQUOTE_1.swift */,
				A1FEE217235475B7007FD238 /* BANKUAISORTING_1.swift */,
				A1FEE204235475B5007FD238 /* BANKUAISORTING_2.swift */,
				21F4775823B196A300EF6438 /* F10V2TEST_1.swift */,
				21F4775A23B1975500EF6438 /* F10V2TEST_2.swift */,
				21F4775C23B19ACB00EF6438 /* F10V2TEST_3.swift */,
				21F4775E23B19BF300EF6438 /* F10V2TEST_4.swift */,
				A1FEE200235475B4007FD238 /* L2TICKDETAILV2_2.swift */,
				21F477A023B4C5A600EF6438 /* L2TICKDETAILV2_1.swift */,
				A1FEE1D6235475B0007FD238 /* L2TICKV2_1.swift */,
				21F4779E23B4C4FD00EF6438 /* L2TICKV2_2.swift */,
				A1FEE219235475B7007FD238 /* MOREPRICE_1.swift */,
				21F4778423B445E700EF6438 /* MOREPRICE_2.swift */,
				97357DA9238F54AA0015FFF6 /* MOREVOLUMETEST_1.swift */,
				A1FEE1D2235475AF007FD238 /* SUBNEWBONDSTOCKRANKING_1.swift */,
				A1FEE20E235475B6007FD238 /* SUBNEWSTOCKRANKING_1.swift */,
			);
			path = cases;
			sourceTree = "<group>";
		};
		A1F7BF472313DBD900687389 /* base */ = {
			isa = PBXGroup;
			children = (
				A1F7BF422313D4D800687389 /* BaseTestCase.swift */,
				A1F7BF452313DB4D00687389 /* ParametrizedTestCase.m */,
				A1F7BF442313DB1C00687389 /* ParametrizedTestCase.h */,
			);
			path = base;
			sourceTree = "<group>";
		};
/* End PBXGroup section */

/* Begin PBXNativeTarget section */
		A153910623113DF3007648F4 /* IOSTestRunner */ = {
			isa = PBXNativeTarget;
			buildConfigurationList = A153912F23113DF3007648F4 /* Build configuration list for PBXNativeTarget "IOSTestRunner" */;
			buildPhases = (
				520CA894F283FA64964E06BE /* [CP] Check Pods Manifest.lock */,
				A153910323113DF3007648F4 /* Sources */,
				A153910423113DF3007648F4 /* Frameworks */,
				A153910523113DF3007648F4 /* Resources */,
				46EA9CE336B3E2280E971F39 /* [CP] Embed Pods Frameworks */,
			);
			buildRules = (
			);
			dependencies = (
			);
			name = IOSTestRunner;
			productName = IOSTestRunner;
			productReference = A153910723113DF3007648F4 /* IOSTestRunner.app */;
			productType = "com.apple.product-type.application";
		};
		A153911A23113DF3007648F4 /* IOSTestRunnerTests */ = {
			isa = PBXNativeTarget;
			buildConfigurationList = A153913223113DF3007648F4 /* Build configuration list for PBXNativeTarget "IOSTestRunnerTests" */;
			buildPhases = (
				036123CB7728B78AFD5107ED /* [CP] Check Pods Manifest.lock */,
				A153911723113DF3007648F4 /* Sources */,
				A153911823113DF3007648F4 /* Frameworks */,
				A153911923113DF3007648F4 /* Resources */,
			);
			buildRules = (
			);
			dependencies = (
				A153911D23113DF3007648F4 /* PBXTargetDependency */,
			);
			name = IOSTestRunnerTests;
			productName = IOSTestRunnerTests;
			productReference = A153911B23113DF3007648F4 /* IOSTestRunnerTests.xctest */;
			productType = "com.apple.product-type.bundle.unit-test";
		};
		A153912523113DF3007648F4 /* IOSTestRunnerUITests */ = {
			isa = PBXNativeTarget;
			buildConfigurationList = A153913523113DF3007648F4 /* Build configuration list for PBXNativeTarget "IOSTestRunnerUITests" */;
			buildPhases = (
				45BECC0EA856CA83BD67BE05 /* [CP] Check Pods Manifest.lock */,
				A153912223113DF3007648F4 /* Sources */,
				A153912323113DF3007648F4 /* Frameworks */,
				A153912423113DF3007648F4 /* Resources */,
			);
			buildRules = (
			);
			dependencies = (
				A153912823113DF3007648F4 /* PBXTargetDependency */,
			);
			name = IOSTestRunnerUITests;
			productName = IOSTestRunnerUITests;
			productReference = A153912623113DF3007648F4 /* IOSTestRunnerUITests.xctest */;
			productType = "com.apple.product-type.bundle.ui-testing";
		};
/* End PBXNativeTarget section */

/* Begin PBXProject section */
		A15390FF23113DF3007648F4 /* Project object */ = {
			isa = PBXProject;
			attributes = {
				LastSwiftUpdateCheck = 0920;
				LastUpgradeCheck = 0920;
				ORGANIZATIONNAME = "liao xiangsen";
				TargetAttributes = {
					A153910623113DF3007648F4 = {
						CreatedOnToolsVersion = 9.2;
						ProvisioningStyle = Manual;
					};
					A153911A23113DF3007648F4 = {
						CreatedOnToolsVersion = 9.2;
						LastSwiftMigration = 0920;
						ProvisioningStyle = Automatic;
						TestTargetID = A153910623113DF3007648F4;
					};
					A153912523113DF3007648F4 = {
						CreatedOnToolsVersion = 9.2;
						ProvisioningStyle = Automatic;
						TestTargetID = A153910623113DF3007648F4;
					};
				};
			};
			buildConfigurationList = A153910223113DF3007648F4 /* Build configuration list for PBXProject "IOSTestRunner" */;
			compatibilityVersion = "Xcode 8.0";
			developmentRegion = en;
			hasScannedForEncodings = 0;
			knownRegions = (
				en,
				Base,
			);
			mainGroup = A15390FE23113DF3007648F4;
			productRefGroup = A153910823113DF3007648F4 /* Products */;
			projectDirPath = "";
			projectRoot = "";
			targets = (
				A153910623113DF3007648F4 /* IOSTestRunner */,
				A153911A23113DF3007648F4 /* IOSTestRunnerTests */,
				A153912523113DF3007648F4 /* IOSTestRunnerUITests */,
			);
		};
/* End PBXProject section */

/* Begin PBXResourcesBuildPhase section */
		A153910523113DF3007648F4 /* Resources */ = {
			isa = PBXResourcesBuildPhase;
			buildActionMask = 2147483647;
			files = (
				A153911523113DF3007648F4 /* LaunchScreen.storyboard in Resources */,
				A153911223113DF3007648F4 /* Assets.xcassets in Resources */,
				A153911023113DF3007648F4 /* Main.storyboard in Resources */,
			);
			runOnlyForDeploymentPostprocessing = 0;
		};
		A153911923113DF3007648F4 /* Resources */ = {
			isa = PBXResourcesBuildPhase;
			buildActionMask = 2147483647;
			files = (
			);
			runOnlyForDeploymentPostprocessing = 0;
		};
		A153912423113DF3007648F4 /* Resources */ = {
			isa = PBXResourcesBuildPhase;
			buildActionMask = 2147483647;
			files = (
			);
			runOnlyForDeploymentPostprocessing = 0;
		};
/* End PBXResourcesBuildPhase section */

/* Begin PBXShellScriptBuildPhase section */
		036123CB7728B78AFD5107ED /* [CP] Check Pods Manifest.lock */ = {
			isa = PBXShellScriptBuildPhase;
			buildActionMask = 2147483647;
			files = (
			);
			inputPaths = (
				"${PODS_PODFILE_DIR_PATH}/Podfile.lock",
				"${PODS_ROOT}/Manifest.lock",
			);
			name = "[CP] Check Pods Manifest.lock";
			outputPaths = (
				"$(DERIVED_FILE_DIR)/Pods-IOSTestRunnerTests-checkManifestLockResult.txt",
			);
			runOnlyForDeploymentPostprocessing = 0;
			shellPath = /bin/sh;
			shellScript = "diff \"${PODS_PODFILE_DIR_PATH}/Podfile.lock\" \"${PODS_ROOT}/Manifest.lock\" > /dev/null\nif [ $? != 0 ] ; then\n    # print error to STDERR\n    echo \"error: The sandbox is not in sync with the Podfile.lock. Run 'pod install' or update your CocoaPods installation.\" >&2\n    exit 1\nfi\n# This output is used by Xcode 'outputs' to avoid re-running this script phase.\necho \"SUCCESS\" > \"${SCRIPT_OUTPUT_FILE_0}\"\n";
			showEnvVarsInLog = 0;
		};
		45BECC0EA856CA83BD67BE05 /* [CP] Check Pods Manifest.lock */ = {
			isa = PBXShellScriptBuildPhase;
			buildActionMask = 2147483647;
			files = (
			);
			inputPaths = (
				"${PODS_PODFILE_DIR_PATH}/Podfile.lock",
				"${PODS_ROOT}/Manifest.lock",
			);
			name = "[CP] Check Pods Manifest.lock";
			outputPaths = (
				"$(DERIVED_FILE_DIR)/Pods-IOSTestRunnerUITests-checkManifestLockResult.txt",
			);
			runOnlyForDeploymentPostprocessing = 0;
			shellPath = /bin/sh;
			shellScript = "diff \"${PODS_PODFILE_DIR_PATH}/Podfile.lock\" \"${PODS_ROOT}/Manifest.lock\" > /dev/null\nif [ $? != 0 ] ; then\n    # print error to STDERR\n    echo \"error: The sandbox is not in sync with the Podfile.lock. Run 'pod install' or update your CocoaPods installation.\" >&2\n    exit 1\nfi\n# This output is used by Xcode 'outputs' to avoid re-running this script phase.\necho \"SUCCESS\" > \"${SCRIPT_OUTPUT_FILE_0}\"\n";
			showEnvVarsInLog = 0;
		};
		46EA9CE336B3E2280E971F39 /* [CP] Embed Pods Frameworks */ = {
			isa = PBXShellScriptBuildPhase;
			buildActionMask = 2147483647;
			files = (
			);
			inputPaths = (
				"${PODS_ROOT}/Target Support Files/Pods-IOSTestRunner/Pods-IOSTestRunner-frameworks.sh",
				"${BUILT_PRODUCTS_DIR}/SwiftProtobuf/SwiftProtobuf.framework",
				"${BUILT_PRODUCTS_DIR}/SwiftyJSON/SwiftyJSON.framework",
			);
			name = "[CP] Embed Pods Frameworks";
			outputPaths = (
				"${TARGET_BUILD_DIR}/${FRAMEWORKS_FOLDER_PATH}/SwiftProtobuf.framework",
				"${TARGET_BUILD_DIR}/${FRAMEWORKS_FOLDER_PATH}/SwiftyJSON.framework",
			);
			runOnlyForDeploymentPostprocessing = 0;
			shellPath = /bin/sh;
			shellScript = "\"${PODS_ROOT}/Target Support Files/Pods-IOSTestRunner/Pods-IOSTestRunner-frameworks.sh\"\n";
			showEnvVarsInLog = 0;
		};
		520CA894F283FA64964E06BE /* [CP] Check Pods Manifest.lock */ = {
			isa = PBXShellScriptBuildPhase;
			buildActionMask = 2147483647;
			files = (
			);
			inputPaths = (
				"${PODS_PODFILE_DIR_PATH}/Podfile.lock",
				"${PODS_ROOT}/Manifest.lock",
			);
			name = "[CP] Check Pods Manifest.lock";
			outputPaths = (
				"$(DERIVED_FILE_DIR)/Pods-IOSTestRunner-checkManifestLockResult.txt",
			);
			runOnlyForDeploymentPostprocessing = 0;
			shellPath = /bin/sh;
			shellScript = "diff \"${PODS_PODFILE_DIR_PATH}/Podfile.lock\" \"${PODS_ROOT}/Manifest.lock\" > /dev/null\nif [ $? != 0 ] ; then\n    # print error to STDERR\n    echo \"error: The sandbox is not in sync with the Podfile.lock. Run 'pod install' or update your CocoaPods installation.\" >&2\n    exit 1\nfi\n# This output is used by Xcode 'outputs' to avoid re-running this script phase.\necho \"SUCCESS\" > \"${SCRIPT_OUTPUT_FILE_0}\"\n";
			showEnvVarsInLog = 0;
		};
/* End PBXShellScriptBuildPhase section */

/* Begin PBXSourcesBuildPhase section */
		A153910323113DF3007648F4 /* Sources */ = {
			isa = PBXSourcesBuildPhase;
			buildActionMask = 2147483647;
			files = (
				A153910D23113DF3007648F4 /* ViewController.swift in Sources */,
				A153910B23113DF3007648F4 /* AppDelegate.swift in Sources */,
			);
			runOnlyForDeploymentPostprocessing = 0;
		};
		A153911723113DF3007648F4 /* Sources */ = {
			isa = PBXSourcesBuildPhase;
			buildActionMask = 2147483647;
			files = (
				21F478DC23BADE5100EF6438 /* MongoCollector.swift in Sources */,
				A1FEE267235475B9007FD238 /* BANKUAISORTING_2.swift in Sources */,
				A11F65832314D3F6000071A2 /* config.pb.swift in Sources */,
				A1C6838923123DEE001F7CD0 /* StockTestCaseName.swift in Sources */,
				21F477A123B4C5A600EF6438 /* L2TICKDETAILV2_1.swift in Sources */,
				A1C0CEA7231F61E0002F1A26 /* record.pb.swift in Sources */,
				A1FEE271235475B9007FD238 /* SUBNEWSTOCKRANKING_1.swift in Sources */,
				21F4775B23B1975500EF6438 /* F10V2TEST_2.swift in Sources */,
				A11F869B23156AAB00F75635 /* TestCaseRoundConfig.swift in Sources */,
				A1FEE239235475B9007FD238 /* L2TICKV2_1.swift in Sources */,
				A1DA4151231E49750019A5D4 /* TestResultCollector.swift in Sources */,
				A1FEE27A235475B9007FD238 /* BANKUAISORTING_1.swift in Sources */,
				A1F7BF41231388DE00687389 /* Utils.swift in Sources */,
				21F4775923B196A300EF6438 /* F10V2TEST_1.swift in Sources */,
				973B84E6237125250023C230 /* BANKUAIQUOTE_1.swift in Sources */,
				A1DA4153231E4D5A0019A5D4 /* StockTestObservation.swift in Sources */,
				A1C68387231180E0001F7CD0 /* RunnerSetup.swift in Sources */,
				21F4775F23B19BF300EF6438 /* F10V2TEST_4.swift in Sources */,
				A1FEE263235475B9007FD238 /* L2TICKDETAILV2_2.swift in Sources */,
				A1F7BF462313DB4D00687389 /* ParametrizedTestCase.m in Sources */,
				A1FEE27C235475B9007FD238 /* MOREPRICE_1.swift in Sources */,
				21F4778523B445E700EF6438 /* MOREPRICE_2.swift in Sources */,
				97357DAA238F54AA0015FFF6 /* MOREVOLUMETEST_1.swift in Sources */,
				21F478DB23BADE5100EF6438 /* LogCollector.swift in Sources */,
				21F4779F23B4C4FD00EF6438 /* L2TICKV2_2.swift in Sources */,
				A1658D1623177FD100B876D3 /* SDKSetup.swift in Sources */,
				A1FEE235235475B9007FD238 /* SUBNEWBONDSTOCKRANKING_1.swift in Sources */,
				A1F7BF432313D4D800687389 /* BaseTestCase.swift in Sources */,
				21F4775D23B19ACB00EF6438 /* F10V2TEST_3.swift in Sources */,
			);
			runOnlyForDeploymentPostprocessing = 0;
		};
		A153912223113DF3007648F4 /* Sources */ = {
			isa = PBXSourcesBuildPhase;
			buildActionMask = 2147483647;
			files = (
				A153912B23113DF3007648F4 /* IOSTestRunnerUITests.swift in Sources */,
			);
			runOnlyForDeploymentPostprocessing = 0;
		};
/* End PBXSourcesBuildPhase section */

/* Begin PBXTargetDependency section */
		A153911D23113DF3007648F4 /* PBXTargetDependency */ = {
			isa = PBXTargetDependency;
			target = A153910623113DF3007648F4 /* IOSTestRunner */;
			targetProxy = A153911C23113DF3007648F4 /* PBXContainerItemProxy */;
		};
		A153912823113DF3007648F4 /* PBXTargetDependency */ = {
			isa = PBXTargetDependency;
			target = A153910623113DF3007648F4 /* IOSTestRunner */;
			targetProxy = A153912723113DF3007648F4 /* PBXContainerItemProxy */;
		};
/* End PBXTargetDependency section */

/* Begin PBXVariantGroup section */
		A153910E23113DF3007648F4 /* Main.storyboard */ = {
			isa = PBXVariantGroup;
			children = (
				A153910F23113DF3007648F4 /* Base */,
			);
			name = Main.storyboard;
			sourceTree = "<group>";
		};
		A153911323113DF3007648F4 /* LaunchScreen.storyboard */ = {
			isa = PBXVariantGroup;
			children = (
				A153911423113DF3007648F4 /* Base */,
			);
			name = LaunchScreen.storyboard;
			sourceTree = "<group>";
		};
/* End PBXVariantGroup section */

/* Begin XCBuildConfiguration section */
		A153912D23113DF3007648F4 /* Debug */ = {
			isa = XCBuildConfiguration;
			buildSettings = {
				ALWAYS_SEARCH_USER_PATHS = NO;
				CLANG_ANALYZER_NONNULL = YES;
				CLANG_ANALYZER_NUMBER_OBJECT_CONVERSION = YES_AGGRESSIVE;
				CLANG_CXX_LANGUAGE_STANDARD = "gnu++14";
				CLANG_CXX_LIBRARY = "libc++";
				CLANG_ENABLE_MODULES = YES;
				CLANG_ENABLE_OBJC_ARC = YES;
				CLANG_WARN_BLOCK_CAPTURE_AUTORELEASING = YES;
				CLANG_WARN_BOOL_CONVERSION = YES;
				CLANG_WARN_COMMA = YES;
				CLANG_WARN_CONSTANT_CONVERSION = YES;
				CLANG_WARN_DIRECT_OBJC_ISA_USAGE = YES_ERROR;
				CLANG_WARN_DOCUMENTATION_COMMENTS = YES;
				CLANG_WARN_EMPTY_BODY = YES;
				CLANG_WARN_ENUM_CONVERSION = YES;
				CLANG_WARN_INFINITE_RECURSION = YES;
				CLANG_WARN_INT_CONVERSION = YES;
				CLANG_WARN_NON_LITERAL_NULL_CONVERSION = YES;
				CLANG_WARN_OBJC_LITERAL_CONVERSION = YES;
				CLANG_WARN_OBJC_ROOT_CLASS = YES_ERROR;
				CLANG_WARN_RANGE_LOOP_ANALYSIS = YES;
				CLANG_WARN_STRICT_PROTOTYPES = YES;
				CLANG_WARN_SUSPICIOUS_MOVE = YES;
				CLANG_WARN_UNGUARDED_AVAILABILITY = YES_AGGRESSIVE;
				CLANG_WARN_UNREACHABLE_CODE = YES;
				CLANG_WARN__DUPLICATE_METHOD_MATCH = YES;
				CODE_SIGN_IDENTITY = "iPhone Developer";
				COPY_PHASE_STRIP = NO;
				DEBUG_INFORMATION_FORMAT = dwarf;
				ENABLE_STRICT_OBJC_MSGSEND = YES;
				ENABLE_TESTABILITY = YES;
				GCC_C_LANGUAGE_STANDARD = gnu11;
				GCC_DYNAMIC_NO_PIC = NO;
				GCC_NO_COMMON_BLOCKS = YES;
				GCC_OPTIMIZATION_LEVEL = 0;
				GCC_PREPROCESSOR_DEFINITIONS = (
					"DEBUG=1",
					"$(inherited)",
				);
				GCC_WARN_64_TO_32_BIT_CONVERSION = YES;
				GCC_WARN_ABOUT_RETURN_TYPE = YES_ERROR;
				GCC_WARN_UNDECLARED_SELECTOR = YES;
				GCC_WARN_UNINITIALIZED_AUTOS = YES_AGGRESSIVE;
				GCC_WARN_UNUSED_FUNCTION = YES;
				GCC_WARN_UNUSED_VARIABLE = YES;
				IPHONEOS_DEPLOYMENT_TARGET = 11.2;
				MTL_ENABLE_DEBUG_INFO = YES;
				ONLY_ACTIVE_ARCH = YES;
				SDKROOT = iphoneos;
				SWIFT_ACTIVE_COMPILATION_CONDITIONS = DEBUG;
				SWIFT_OPTIMIZATION_LEVEL = "-Onone";
			};
			name = Debug;
		};
		A153912E23113DF3007648F4 /* Release */ = {
			isa = XCBuildConfiguration;
			buildSettings = {
				ALWAYS_SEARCH_USER_PATHS = NO;
				CLANG_ANALYZER_NONNULL = YES;
				CLANG_ANALYZER_NUMBER_OBJECT_CONVERSION = YES_AGGRESSIVE;
				CLANG_CXX_LANGUAGE_STANDARD = "gnu++14";
				CLANG_CXX_LIBRARY = "libc++";
				CLANG_ENABLE_MODULES = YES;
				CLANG_ENABLE_OBJC_ARC = YES;
				CLANG_WARN_BLOCK_CAPTURE_AUTORELEASING = YES;
				CLANG_WARN_BOOL_CONVERSION = YES;
				CLANG_WARN_COMMA = YES;
				CLANG_WARN_CONSTANT_CONVERSION = YES;
				CLANG_WARN_DIRECT_OBJC_ISA_USAGE = YES_ERROR;
				CLANG_WARN_DOCUMENTATION_COMMENTS = YES;
				CLANG_WARN_EMPTY_BODY = YES;
				CLANG_WARN_ENUM_CONVERSION = YES;
				CLANG_WARN_INFINITE_RECURSION = YES;
				CLANG_WARN_INT_CONVERSION = YES;
				CLANG_WARN_NON_LITERAL_NULL_CONVERSION = YES;
				CLANG_WARN_OBJC_LITERAL_CONVERSION = YES;
				CLANG_WARN_OBJC_ROOT_CLASS = YES_ERROR;
				CLANG_WARN_RANGE_LOOP_ANALYSIS = YES;
				CLANG_WARN_STRICT_PROTOTYPES = YES;
				CLANG_WARN_SUSPICIOUS_MOVE = YES;
				CLANG_WARN_UNGUARDED_AVAILABILITY = YES_AGGRESSIVE;
				CLANG_WARN_UNREACHABLE_CODE = YES;
				CLANG_WARN__DUPLICATE_METHOD_MATCH = YES;
				CODE_SIGN_IDENTITY = "iPhone Developer";
				COPY_PHASE_STRIP = NO;
				DEBUG_INFORMATION_FORMAT = "dwarf-with-dsym";
				ENABLE_NS_ASSERTIONS = NO;
				ENABLE_STRICT_OBJC_MSGSEND = YES;
				GCC_C_LANGUAGE_STANDARD = gnu11;
				GCC_NO_COMMON_BLOCKS = YES;
				GCC_WARN_64_TO_32_BIT_CONVERSION = YES;
				GCC_WARN_ABOUT_RETURN_TYPE = YES_ERROR;
				GCC_WARN_UNDECLARED_SELECTOR = YES;
				GCC_WARN_UNINITIALIZED_AUTOS = YES_AGGRESSIVE;
				GCC_WARN_UNUSED_FUNCTION = YES;
				GCC_WARN_UNUSED_VARIABLE = YES;
				IPHONEOS_DEPLOYMENT_TARGET = 11.2;
				MTL_ENABLE_DEBUG_INFO = NO;
				SDKROOT = iphoneos;
				SWIFT_OPTIMIZATION_LEVEL = "-Owholemodule";
				VALIDATE_PRODUCT = YES;
			};
			name = Release;
		};
		A153913023113DF3007648F4 /* Debug */ = {
			isa = XCBuildConfiguration;
			baseConfigurationReference = 4EB4EE57B2D9E4412B12A130 /* Pods-IOSTestRunner.debug.xcconfig */;
			buildSettings = {
				ASSETCATALOG_COMPILER_APPICON_NAME = AppIcon;
				CODE_SIGN_STYLE = Manual;
				DEVELOPMENT_TEAM = "";
				GCC_C_LANGUAGE_STANDARD = gnu99;
				GCC_PREPROCESSOR_DEFINITIONS = (
					"DEBUG=1",
					"$(inherited)",
				);
				INFOPLIST_FILE = IOSTestRunner/Info.plist;
				IPHONEOS_DEPLOYMENT_TARGET = 11.2;
				LD_RUNPATH_SEARCH_PATHS = "$(inherited) @executable_path/Frameworks";
				LIBRARY_SEARCH_PATHS = (
					"$(inherited)",
					"$(PROJECT_DIR)",
					"$(PROJECT_DIR)/IOSTestRunner",
				);
				MY_VAR = "";
				OTHER_LDFLAGS = (
					"$(inherited)",
					"-ObjC",
				);
				PRODUCT_BUNDLE_IDENTIFIER = com.mitake.ssetest.CrystalTouch;
				PRODUCT_NAME = "$(TARGET_NAME)";
				PROVISIONING_PROFILE_SPECIFIER = "";
				SWIFT_OBJC_BRIDGING_HEADER = "";
				SWIFT_VERSION = 4.0;
				TARGETED_DEVICE_FAMILY = 1;
				USER_HEADER_SEARCH_PATHS = "";
			};
			name = Debug;
		};
		A153913123113DF3007648F4 /* Release */ = {
			isa = XCBuildConfiguration;
			baseConfigurationReference = 02210385DFA559ED7FC610E5 /* Pods-IOSTestRunner.release.xcconfig */;
			buildSettings = {
				ASSETCATALOG_COMPILER_APPICON_NAME = AppIcon;
				CODE_SIGN_STYLE = Manual;
				DEVELOPMENT_TEAM = "";
				GCC_C_LANGUAGE_STANDARD = gnu99;
				INFOPLIST_FILE = IOSTestRunner/Info.plist;
				IPHONEOS_DEPLOYMENT_TARGET = 11.2;
				LD_RUNPATH_SEARCH_PATHS = "$(inherited) @executable_path/Frameworks";
				LIBRARY_SEARCH_PATHS = (
					"$(inherited)",
					"$(PROJECT_DIR)",
					"$(PROJECT_DIR)/IOSTestRunner",
				);
				MY_VAR = "";
				OTHER_LDFLAGS = (
					"$(inherited)",
					"-ObjC",
				);
				PRODUCT_BUNDLE_IDENTIFIER = com.mitake.ssetest.CrystalTouch;
				PRODUCT_NAME = "$(TARGET_NAME)";
				PROVISIONING_PROFILE_SPECIFIER = "";
				SWIFT_OBJC_BRIDGING_HEADER = "";
				SWIFT_VERSION = 4.0;
				TARGETED_DEVICE_FAMILY = 1;
				USER_HEADER_SEARCH_PATHS = "";
			};
			name = Release;
		};
		A153913323113DF3007648F4 /* Debug */ = {
			isa = XCBuildConfiguration;
			baseConfigurationReference = 9DC61FBFB7002141182E1DB4 /* Pods-IOSTestRunnerTests.debug.xcconfig */;
			buildSettings = {
				ALWAYS_EMBED_SWIFT_STANDARD_LIBRARIES = YES;
				CLANG_ENABLE_MODULES = YES;
				"CODE_SIGN_IDENTITY[sdk=iphoneos*]" = "iPhone Developer";
				CODE_SIGN_STYLE = Automatic;
				DEVELOPMENT_TEAM = 9Y2VQ245QA;
				HEADER_SEARCH_PATHS = (
					"$(PROJECT)/protobuf",
					"$(PROJECT)/protobuf/google/protobuf",
				);
				INFOPLIST_FILE = IOSTestRunnerTests/Info.plist;
				LD_RUNPATH_SEARCH_PATHS = "$(inherited) @executable_path/Frameworks @loader_path/Frameworks";
				LIBRARY_SEARCH_PATHS = (
					"$(inherited)",
					"$(PROJECT_DIR)/IOSTestRunner",
					"$(PROJECT_DIR)/sdk",
					"$(PROJECT_DIR)",
				);
				OTHER_LDFLAGS = (
					"$(inherited)",
					"-ObjC",
				);
				PRODUCT_BUNDLE_IDENTIFIER = com.mitake.ssetest.IOSTestRunnerTests;
				PRODUCT_NAME = "$(TARGET_NAME)";
				PROVISIONING_PROFILE_SPECIFIER = "";
				SWIFT_OBJC_BRIDGING_HEADER = "IOSTestRunnerTests/IOSTestRunnerTests-Bridging-Header.h";
				SWIFT_OPTIMIZATION_LEVEL = "-Onone";
				SWIFT_VERSION = 4.0;
				TARGETED_DEVICE_FAMILY = "1,2";
				TEST_HOST = "$(BUILT_PRODUCTS_DIR)/IOSTestRunner.app/IOSTestRunner";
				USER_HEADER_SEARCH_PATHS = "$(PROJECT_DIR)/sdk/MApi";
			};
			name = Debug;
		};
		A153913423113DF3007648F4 /* Release */ = {
			isa = XCBuildConfiguration;
			baseConfigurationReference = D926D17FD62EDABC23E51D7A /* Pods-IOSTestRunnerTests.release.xcconfig */;
			buildSettings = {
				ALWAYS_EMBED_SWIFT_STANDARD_LIBRARIES = YES;
				CLANG_ENABLE_MODULES = YES;
				"CODE_SIGN_IDENTITY[sdk=iphoneos*]" = "iPhone Developer";
				CODE_SIGN_STYLE = Automatic;
				DEVELOPMENT_TEAM = 9Y2VQ245QA;
				HEADER_SEARCH_PATHS = (
					"$(PROJECT)/protobuf",
					"$(PROJECT)/protobuf/google/protobuf",
				);
				INFOPLIST_FILE = IOSTestRunnerTests/Info.plist;
				LD_RUNPATH_SEARCH_PATHS = "$(inherited) @executable_path/Frameworks @loader_path/Frameworks";
				LIBRARY_SEARCH_PATHS = (
					"$(inherited)",
					"$(PROJECT_DIR)/IOSTestRunner",
					"$(PROJECT_DIR)/sdk",
					"$(PROJECT_DIR)",
				);
				OTHER_LDFLAGS = (
					"$(inherited)",
					"-ObjC",
				);
				PRODUCT_BUNDLE_IDENTIFIER = com.mitake.ssetest.IOSTestRunnerTests;
				PRODUCT_NAME = "$(TARGET_NAME)";
				PROVISIONING_PROFILE_SPECIFIER = "";
				SWIFT_OBJC_BRIDGING_HEADER = "IOSTestRunnerTests/IOSTestRunnerTests-Bridging-Header.h";
				SWIFT_VERSION = 4.0;
				TARGETED_DEVICE_FAMILY = "1,2";
				TEST_HOST = "$(BUILT_PRODUCTS_DIR)/IOSTestRunner.app/IOSTestRunner";
				USER_HEADER_SEARCH_PATHS = "$(PROJECT_DIR)/sdk/MApi";
			};
			name = Release;
		};
		A153913623113DF3007648F4 /* Debug */ = {
			isa = XCBuildConfiguration;
			baseConfigurationReference = B9F9299787F0EE885B900D99 /* Pods-IOSTestRunnerUITests.debug.xcconfig */;
			buildSettings = {
				ALWAYS_EMBED_SWIFT_STANDARD_LIBRARIES = YES;
				CODE_SIGN_STYLE = Automatic;
				INFOPLIST_FILE = IOSTestRunnerUITests/Info.plist;
				LD_RUNPATH_SEARCH_PATHS = "$(inherited) @executable_path/Frameworks @loader_path/Frameworks";
				PRODUCT_BUNDLE_IDENTIFIER = com.mitake.ssetest.IOSTestRunnerUITests;
				PRODUCT_NAME = "$(TARGET_NAME)";
				SWIFT_VERSION = 4.0;
				TARGETED_DEVICE_FAMILY = "1,2";
				TEST_TARGET_NAME = IOSTestRunner;
			};
			name = Debug;
		};
		A153913723113DF3007648F4 /* Release */ = {
			isa = XCBuildConfiguration;
			baseConfigurationReference = AF2A90A5D7D394CAFFFEC886 /* Pods-IOSTestRunnerUITests.release.xcconfig */;
			buildSettings = {
				ALWAYS_EMBED_SWIFT_STANDARD_LIBRARIES = YES;
				CODE_SIGN_STYLE = Automatic;
				INFOPLIST_FILE = IOSTestRunnerUITests/Info.plist;
				LD_RUNPATH_SEARCH_PATHS = "$(inherited) @executable_path/Frameworks @loader_path/Frameworks";
				PRODUCT_BUNDLE_IDENTIFIER = com.mitake.ssetest.IOSTestRunnerUITests;
				PRODUCT_NAME = "$(TARGET_NAME)";
				SWIFT_VERSION = 4.0;
				TARGETED_DEVICE_FAMILY = "1,2";
				TEST_TARGET_NAME = IOSTestRunner;
			};
			name = Release;
		};
/* End XCBuildConfiguration section */

/* Begin XCConfigurationList section */
		A153910223113DF3007648F4 /* Build configuration list for PBXProject "IOSTestRunner" */ = {
			isa = XCConfigurationList;
			buildConfigurations = (
				A153912D23113DF3007648F4 /* Debug */,
				A153912E23113DF3007648F4 /* Release */,
			);
			defaultConfigurationIsVisible = 0;
			defaultConfigurationName = Debug;
		};
		A153912F23113DF3007648F4 /* Build configuration list for PBXNativeTarget "IOSTestRunner" */ = {
			isa = XCConfigurationList;
			buildConfigurations = (
				A153913023113DF3007648F4 /* Debug */,
				A153913123113DF3007648F4 /* Release */,
			);
			defaultConfigurationIsVisible = 0;
			defaultConfigurationName = Debug;
		};
		A153913223113DF3007648F4 /* Build configuration list for PBXNativeTarget "IOSTestRunnerTests" */ = {
			isa = XCConfigurationList;
			buildConfigurations = (
				A153913323113DF3007648F4 /* Debug */,
				A153913423113DF3007648F4 /* Release */,
			);
			defaultConfigurationIsVisible = 0;
			defaultConfigurationName = Debug;
		};
		A153913523113DF3007648F4 /* Build configuration list for PBXNativeTarget "IOSTestRunnerUITests" */ = {
			isa = XCConfigurationList;
			buildConfigurations = (
				A153913623113DF3007648F4 /* Debug */,
				A153913723113DF3007648F4 /* Release */,
			);
			defaultConfigurationIsVisible = 0;
			defaultConfigurationName = Debug;
		};
/* End XCConfigurationList section */
	};
	rootObject = A15390FF23113DF3007648F4 /* Project object */;
}
