// !$*UTF8*$!
{
	archiveVersion = 1;
	classes = {
	};
	objectVersion = 48;
	objects = {

/* Begin PBXBuildFile section */
		4889D9AABFA7B1DBD71B43C9 /* Pods_IOSTestRunnerUITests.framework in Frameworks */ = {isa = PBXBuildFile; fileRef = 3C3DC3C8A823E79661CF21C1 /* Pods_IOSTestRunnerUITests.framework */; };
		531233985C2C7E85A6AA6CEC /* Pods_IOSTestRunnerTests.framework in Frameworks */ = {isa = PBXBuildFile; fileRef = A1DDD9BD239BA874000640C3 /* Pods_IOSTestRunnerTests.framework */; };
		6785ABBAD5E48E3A33F6E05B /* Pods_IOSTestRunner.framework in Frameworks */ = {isa = PBXBuildFile; fileRef = D4A94600D5B65976CE633A43 /* Pods_IOSTestRunner.framework */; };
		A11F65832314D3F6000071A2 /* config.pb.swift in Sources */ = {isa = PBXBuildFile; fileRef = A11F65822314D3F6000071A2 /* config.pb.swift */; };
		A11F869923150A4400F75635 /* ExampleTestCase2.swift in Sources */ = {isa = PBXBuildFile; fileRef = A11F869823150A4400F75635 /* ExampleTestCase2.swift */; };
		A11F869B23156AAB00F75635 /* TestCaseRoundConfig.swift in Sources */ = {isa = PBXBuildFile; fileRef = A11F869A23156AAB00F75635 /* TestCaseRoundConfig.swift */; };
		A153910B23113DF3007648F4 /* AppDelegate.swift in Sources */ = {isa = PBXBuildFile; fileRef = A153910A23113DF3007648F4 /* AppDelegate.swift */; };
		A153910D23113DF3007648F4 /* ViewController.swift in Sources */ = {isa = PBXBuildFile; fileRef = A153910C23113DF3007648F4 /* ViewController.swift */; };
		A153911023113DF3007648F4 /* Main.storyboard in Resources */ = {isa = PBXBuildFile; fileRef = A153910E23113DF3007648F4 /* Main.storyboard */; };
		A153911223113DF3007648F4 /* Assets.xcassets in Resources */ = {isa = PBXBuildFile; fileRef = A153911123113DF3007648F4 /* Assets.xcassets */; };
		A153911523113DF3007648F4 /* LaunchScreen.storyboard in Resources */ = {isa = PBXBuildFile; fileRef = A153911323113DF3007648F4 /* LaunchScreen.storyboard */; };
		A153912023113DF3007648F4 /* ExampleTestCase1.swift in Sources */ = {isa = PBXBuildFile; fileRef = A153911F23113DF3007648F4 /* ExampleTestCase1.swift */; };
		A153912B23113DF3007648F4 /* IOSTestRunnerUITests.swift in Sources */ = {isa = PBXBuildFile; fileRef = A153912A23113DF3007648F4 /* IOSTestRunnerUITests.swift */; };
		A1658D1623177FD100B876D3 /* SDKSetup.swift in Sources */ = {isa = PBXBuildFile; fileRef = A1658D1523177FD100B876D3 /* SDKSetup.swift */; };
		A1658D1B2317D4F400B876D3 /* libc++.tbd in Frameworks */ = {isa = PBXBuildFile; fileRef = A1658D1A2317D4F400B876D3 /* libc++.tbd */; };
		A1658DCB231AA0DB00B876D3 /* SystemConfiguration.framework in Frameworks */ = {isa = PBXBuildFile; fileRef = A1658D362318E84700B876D3 /* SystemConfiguration.framework */; };
		A1658DCC231AA0E100B876D3 /* CoreData.framework in Frameworks */ = {isa = PBXBuildFile; fileRef = A1658D3A2318E85900B876D3 /* CoreData.framework */; };
		A1C0CEA7231F61E0002F1A26 /* record.pb.swift in Sources */ = {isa = PBXBuildFile; fileRef = A1C0CEA6231F61E0002F1A26 /* record.pb.swift */; };
		A1C68387231180E0001F7CD0 /* RunnerSetup.swift in Sources */ = {isa = PBXBuildFile; fileRef = A1C68386231180E0001F7CD0 /* RunnerSetup.swift */; };
		A1C6838923123DEE001F7CD0 /* StockTestCaseName.swift in Sources */ = {isa = PBXBuildFile; fileRef = A1C6838823123DEE001F7CD0 /* StockTestCaseName.swift */; };
		A1DA4151231E49750019A5D4 /* TestResultCollector.swift in Sources */ = {isa = PBXBuildFile; fileRef = A1DA4150231E49750019A5D4 /* TestResultCollector.swift */; };
		A1DA4153231E4D5A0019A5D4 /* StockTestObservation.swift in Sources */ = {isa = PBXBuildFile; fileRef = A1DA4152231E4D5A0019A5D4 /* StockTestObservation.swift */; };
		A1DDD9B9239A62DA000640C3 /* MongoCollector.swift in Sources */ = {isa = PBXBuildFile; fileRef = A1DDD9B8239A62DA000640C3 /* MongoCollector.swift */; };
		A1DDD9BB239A62F1000640C3 /* LogCollector.swift in Sources */ = {isa = PBXBuildFile; fileRef = A1DDD9BA239A62F1000640C3 /* LogCollector.swift */; };
		A1DDD9BC239BA78E000640C3 /* libMApi.a in Frameworks */ = {isa = PBXBuildFile; fileRef = A1658D10231778A400B876D3 /* libMApi.a */; };
		A1F7BF41231388DE00687389 /* Utils.swift in Sources */ = {isa = PBXBuildFile; fileRef = A1F7BF40231388DE00687389 /* Utils.swift */; };
		A1F7BF432313D4D800687389 /* BaseTestCase.swift in Sources */ = {isa = PBXBuildFile; fileRef = A1F7BF422313D4D800687389 /* BaseTestCase.swift */; };
		A1F7BF462313DB4D00687389 /* ParametrizedTestCase.m in Sources */ = {isa = PBXBuildFile; fileRef = A1F7BF452313DB4D00687389 /* ParametrizedTestCase.m */; };
		A1FEE1C2235471DB007FD238 /* MobileCoreServices.framework in Frameworks */ = {isa = PBXBuildFile; fileRef = A1FEE1C1235471DB007FD238 /* MobileCoreServices.framework */; };
		A1FEE227235475B9007FD238 /* StockShareInfoTestCase.swift in Sources */ = {isa = PBXBuildFile; fileRef = A1FEE1C4235475AE007FD238 /* StockShareInfoTestCase.swift */; };
		A1FEE228235475B9007FD238 /* HKMarketInfoTestCase.swift in Sources */ = {isa = PBXBuildFile; fileRef = A1FEE1C5235475AE007FD238 /* HKMarketInfoTestCase.swift */; };
		A1FEE229235475B9007FD238 /* HKQuoteInfoTestCase.swift in Sources */ = {isa = PBXBuildFile; fileRef = A1FEE1C6235475AE007FD238 /* HKQuoteInfoTestCase.swift */; };
		A1FEE22B235475B9007FD238 /* FundStockPortfolioTestCase.swift in Sources */ = {isa = PBXBuildFile; fileRef = A1FEE1C8235475AF007FD238 /* FundStockPortfolioTestCase.swift */; };
		A1FEE22C235475B9007FD238 /* FundShareHolderInfoTestCase.swift in Sources */ = {isa = PBXBuildFile; fileRef = A1FEE1C9235475AF007FD238 /* FundShareHolderInfoTestCase.swift */; };
		A1FEE22D235475B9007FD238 /* LatestIndexTestCase.swift in Sources */ = {isa = PBXBuildFile; fileRef = A1FEE1CA235475AF007FD238 /* LatestIndexTestCase.swift */; };
		A1FEE230235475B9007FD238 /* FundAssetAllocationTestCase.swift in Sources */ = {isa = PBXBuildFile; fileRef = A1FEE1CD235475AF007FD238 /* FundAssetAllocationTestCase.swift */; };
		A1FEE232235475B9007FD238 /* ChartTestCase.swift in Sources */ = {isa = PBXBuildFile; fileRef = A1FEE1CF235475AF007FD238 /* ChartTestCase.swift */; };
		A1FEE233235475B9007FD238 /* PlateIndexQuoteTestCase.swift in Sources */ = {isa = PBXBuildFile; fileRef = A1FEE1D0235475AF007FD238 /* PlateIndexQuoteTestCase.swift */; };
		A1FEE234235475B9007FD238 /* StockReportListTestCase.swift in Sources */ = {isa = PBXBuildFile; fileRef = A1FEE1D1235475AF007FD238 /* StockReportListTestCase.swift */; };
		A1FEE235235475B9007FD238 /* SubnewBondRankingTestCase.swift in Sources */ = {isa = PBXBuildFile; fileRef = A1FEE1D2235475AF007FD238 /* SubnewBondRankingTestCase.swift */; };
		A1FEE236235475B9007FD238 /* TradeQuoteTestCase.swift in Sources */ = {isa = PBXBuildFile; fileRef = A1FEE1D3235475AF007FD238 /* TradeQuoteTestCase.swift */; };
		A1FEE237235475B9007FD238 /* AHQuoteTestCase.swift in Sources */ = {isa = PBXBuildFile; fileRef = A1FEE1D4235475B0007FD238 /* AHQuoteTestCase.swift */; };
		A1FEE239235475B9007FD238 /* L2TimeTickTestCase.swift in Sources */ = {isa = PBXBuildFile; fileRef = A1FEE1D6235475B0007FD238 /* L2TimeTickTestCase.swift */; };
		A1FEE23A235475B9007FD238 /* FundValueTestCase.swift in Sources */ = {isa = PBXBuildFile; fileRef = A1FEE1D7235475B0007FD238 /* FundValueTestCase.swift */; };
		A1FEE23B235475B9007FD238 /* HistoryChartTestCase.swift in Sources */ = {isa = PBXBuildFile; fileRef = A1FEE1D8235475B0007FD238 /* HistoryChartTestCase.swift */; };
		A1FEE23C235475B9007FD238 /* MarginInfoShareTestCase.swift in Sources */ = {isa = PBXBuildFile; fileRef = A1FEE1D9235475B0007FD238 /* MarginInfoShareTestCase.swift */; };
		A1FEE23D235475B9007FD238 /* FundShareStructTestCase.swift in Sources */ = {isa = PBXBuildFile; fileRef = A1FEE1DA235475B0007FD238 /* FundShareStructTestCase.swift */; };
		A1FEE23E235475B9007FD238 /* FundFinanceTestCase.swift in Sources */ = {isa = PBXBuildFile; fileRef = A1FEE1DB235475B0007FD238 /* FundFinanceTestCase.swift */; };
		A1FEE23F235475B9007FD238 /* ForecastRatingTestCase.swift in Sources */ = {isa = PBXBuildFile; fileRef = A1FEE1DC235475B0007FD238 /* ForecastRatingTestCase.swift */; };
		A1FEE240235475B9007FD238 /* TimeTickTestCase.swift in Sources */ = {isa = PBXBuildFile; fileRef = A1FEE1DD235475B0007FD238 /* TimeTickTestCase.swift */; };
		A1FEE241235475B9007FD238 /* FinancialSummaryTestCase.swift in Sources */ = {isa = PBXBuildFile; fileRef = A1FEE1DE235475B1007FD238 /* FinancialSummaryTestCase.swift */; };
		A1FEE242235475B9007FD238 /* BondInterestPayTestCase.swift in Sources */ = {isa = PBXBuildFile; fileRef = A1FEE1DF235475B1007FD238 /* BondInterestPayTestCase.swift */; };
		A1FEE243235475B9007FD238 /* OHLCSubTestCase.swift in Sources */ = {isa = PBXBuildFile; fileRef = A1FEE1E0235475B1007FD238 /* OHLCSubTestCase.swift */; };
		A1FEE244235475B9007FD238 /* StockShareChangeInfoTestCase.swift in Sources */ = {isa = PBXBuildFile; fileRef = A1FEE1E1235475B1007FD238 /* StockShareChangeInfoTestCase.swift */; };
		A1FEE245235475B9007FD238 /* OHLCTestCase.swift in Sources */ = {isa = PBXBuildFile; fileRef = A1FEE1E2235475B1007FD238 /* OHLCTestCase.swift */; };
		A1FEE246235475B9007FD238 /* CompanyInfoTestCase.swift in Sources */ = {isa = PBXBuildFile; fileRef = A1FEE1E3235475B1007FD238 /* CompanyInfoTestCase.swift */; };
		A1FEE247235475B9007FD238 /* FinancialInfoTestCase.swift in Sources */ = {isa = PBXBuildFile; fileRef = A1FEE1E4235475B1007FD238 /* FinancialInfoTestCase.swift */; };
		A1FEE248235475B9007FD238 /* LeaderPersonInfoTestCase.swift in Sources */ = {isa = PBXBuildFile; fileRef = A1FEE1E5235475B1007FD238 /* LeaderPersonInfoTestCase.swift */; };
		A1FEE249235475B9007FD238 /* TradeDetailInfoTestCase.swift in Sources */ = {isa = PBXBuildFile; fileRef = A1FEE1E6235475B1007FD238 /* TradeDetailInfoTestCase.swift */; };
		A1FEE24A235475B9007FD238 /* HKPriceDiffTestCase.swift in Sources */ = {isa = PBXBuildFile; fileRef = A1FEE1E7235475B2007FD238 /* HKPriceDiffTestCase.swift */; };
		A1FEE24B235475B9007FD238 /* IPOShareDetailTestCase.swift in Sources */ = {isa = PBXBuildFile; fileRef = A1FEE1E8235475B2007FD238 /* IPOShareDetailTestCase.swift */; };
		A1FEE24C235475B9007FD238 /* OrderQuantityTestCase.swift in Sources */ = {isa = PBXBuildFile; fileRef = A1FEE1E9235475B2007FD238 /* OrderQuantityTestCase.swift */; };
		A1FEE24D235475B9007FD238 /* MarginInfoTestCase.swift in Sources */ = {isa = PBXBuildFile; fileRef = A1FEE1EA235475B2007FD238 /* MarginInfoTestCase.swift */; };
		A1FEE24E235475B9007FD238 /* DRLinkTestCase.swift in Sources */ = {isa = PBXBuildFile; fileRef = A1FEE1EB235475B2007FD238 /* DRLinkTestCase.swift */; };
		A1FEE250235475B9007FD238 /* FundNetValueTestCase.swift in Sources */ = {isa = PBXBuildFile; fileRef = A1FEE1ED235475B2007FD238 /* FundNetValueTestCase.swift */; };
		A1FEE251235475B9007FD238 /* BrokerInfoTestCase.swift in Sources */ = {isa = PBXBuildFile; fileRef = A1FEE1EE235475B2007FD238 /* BrokerInfoTestCase.swift */; };
		A1FEE252235475B9007FD238 /* AHQuoteListTestCase1.swift in Sources */ = {isa = PBXBuildFile; fileRef = A1FEE1EF235475B2007FD238 /* AHQuoteListTestCase1.swift */; };
		A1FEE253235475B9007FD238 /* MarketHolidayTestCase.swift in Sources */ = {isa = PBXBuildFile; fileRef = A1FEE1F0235475B3007FD238 /* MarketHolidayTestCase.swift */; };
		A1FEE254235475B9007FD238 /* TopShareHolderTestCase.swift in Sources */ = {isa = PBXBuildFile; fileRef = A1FEE1F1235475B3007FD238 /* TopShareHolderTestCase.swift */; };
		A1FEE256235475B9007FD238 /* NewsTestCase.swift in Sources */ = {isa = PBXBuildFile; fileRef = A1FEE1F3235475B3007FD238 /* NewsTestCase.swift */; };
		A1FEE258235475B9007FD238 /* BonusFinanceTestCase.swift in Sources */ = {isa = PBXBuildFile; fileRef = A1FEE1F5235475B3007FD238 /* BonusFinanceTestCase.swift */; };
		A1FEE25A235475B9007FD238 /* IndexUpdownsTestCase.swift in Sources */ = {isa = PBXBuildFile; fileRef = A1FEE1F7235475B3007FD238 /* IndexUpdownsTestCase.swift */; };
		A1FEE25B235475B9007FD238 /* AddValueTestCase.swift in Sources */ = {isa = PBXBuildFile; fileRef = A1FEE1F8235475B4007FD238 /* AddValueTestCase.swift */; };
		A1FEE25C235475B9007FD238 /* ExpireMonthTestCase.swift in Sources */ = {isa = PBXBuildFile; fileRef = A1FEE1F9235475B4007FD238 /* ExpireMonthTestCase.swift */; };
		A1FEE25D235475B9007FD238 /* OHLCV2TestCase.swift in Sources */ = {isa = PBXBuildFile; fileRef = A1FEE1FA235475B4007FD238 /* OHLCV2TestCase.swift */; };
		A1FEE25F235475B9007FD238 /* TradeDateTestCase.swift in Sources */ = {isa = PBXBuildFile; fileRef = A1FEE1FC235475B4007FD238 /* TradeDateTestCase.swift */; };
		A1FEE260235475B9007FD238 /* MarketUpdownsTestCase.swift in Sources */ = {isa = PBXBuildFile; fileRef = A1FEE1FD235475B4007FD238 /* MarketUpdownsTestCase.swift */; };
		A1FEE261235475B9007FD238 /* FundDividendTestCase.swift in Sources */ = {isa = PBXBuildFile; fileRef = A1FEE1FE235475B4007FD238 /* FundDividendTestCase.swift */; };
		A1FEE262235475B9007FD238 /* NewsListTestCase.swift in Sources */ = {isa = PBXBuildFile; fileRef = A1FEE1FF235475B4007FD238 /* NewsListTestCase.swift */; };
		A1FEE263235475B9007FD238 /* L2TimeTickDetailTestCase.swift in Sources */ = {isa = PBXBuildFile; fileRef = A1FEE200235475B4007FD238 /* L2TimeTickDetailTestCase.swift */; };
		A1FEE264235475B9007FD238 /* FundBasicInfoTestCase.swift in Sources */ = {isa = PBXBuildFile; fileRef = A1FEE201235475B5007FD238 /* FundBasicInfoTestCase.swift */; };
		A1FEE265235475B9007FD238 /* SearchTestCase.swift in Sources */ = {isa = PBXBuildFile; fileRef = A1FEE202235475B5007FD238 /* SearchTestCase.swift */; };
		A1FEE266235475B9007FD238 /* GradeFundTestCase.swift in Sources */ = {isa = PBXBuildFile; fileRef = A1FEE203235475B5007FD238 /* GradeFundTestCase.swift */; };
		A1FEE267235475B9007FD238 /* SectionSortingTestCase_2.swift in Sources */ = {isa = PBXBuildFile; fileRef = A1FEE204235475B5007FD238 /* SectionSortingTestCase_2.swift */; };
		A1FEE268235475B9007FD238 /* IPOCalendarTestCase.swift in Sources */ = {isa = PBXBuildFile; fileRef = A1FEE205235475B5007FD238 /* IPOCalendarTestCase.swift */; };
		A1FEE269235475B9007FD238 /* StaticDataTestCase.swift in Sources */ = {isa = PBXBuildFile; fileRef = A1FEE206235475B5007FD238 /* StaticDataTestCase.swift */; };
		A1FEE26A235475B9007FD238 /* ShareHolderHistoryInfoTestCase.swift in Sources */ = {isa = PBXBuildFile; fileRef = A1FEE207235475B5007FD238 /* ShareHolderHistoryInfoTestCase.swift */; };
		A1FEE26B235475B9007FD238 /* UKQuoteTestCase.swift in Sources */ = {isa = PBXBuildFile; fileRef = A1FEE208235475B5007FD238 /* UKQuoteTestCase.swift */; };
		A1FEE26C235475B9007FD238 /* TopLiquidShareHolderTestCase.swift in Sources */ = {isa = PBXBuildFile; fileRef = A1FEE209235475B5007FD238 /* TopLiquidShareHolderTestCase.swift */; };
		A1FEE26D235475B9007FD238 /* ChartIndexTestCase.swift in Sources */ = {isa = PBXBuildFile; fileRef = A1FEE20A235475B6007FD238 /* ChartIndexTestCase.swift */; };
		A1FEE26F235475B9007FD238 /* StockNewsListTestCase.swift in Sources */ = {isa = PBXBuildFile; fileRef = A1FEE20C235475B6007FD238 /* StockNewsListTestCase.swift */; };
		A1FEE270235475B9007FD238 /* BondBuyBacksTestCase.swift in Sources */ = {isa = PBXBuildFile; fileRef = A1FEE20D235475B6007FD238 /* BondBuyBacksTestCase.swift */; };
		A1FEE271235475B9007FD238 /* SubnewStockRankingTestCase.swift in Sources */ = {isa = PBXBuildFile; fileRef = A1FEE20E235475B6007FD238 /* SubnewStockRankingTestCase.swift */; };
		A1FEE274235475B9007FD238 /* BigEventNotificationTestCase.swift in Sources */ = {isa = PBXBuildFile; fileRef = A1FEE211235475B6007FD238 /* BigEventNotificationTestCase.swift */; };
		A1FEE276235475B9007FD238 /* F10TestCase.swift in Sources */ = {isa = PBXBuildFile; fileRef = A1FEE213235475B7007FD238 /* F10TestCase.swift */; };
		A1FEE277235475B9007FD238 /* BlockTradeTestCase.swift in Sources */ = {isa = PBXBuildFile; fileRef = A1FEE214235475B7007FD238 /* BlockTradeTestCase.swift */; };
		A1FEE278235475B9007FD238 /* LinkQuoteTestCase.swift in Sources */ = {isa = PBXBuildFile; fileRef = A1FEE215235475B7007FD238 /* LinkQuoteTestCase.swift */; };
		A1FEE279235475B9007FD238 /* OverLayChartTestCase.swift in Sources */ = {isa = PBXBuildFile; fileRef = A1FEE216235475B7007FD238 /* OverLayChartTestCase.swift */; };
		A1FEE27A235475B9007FD238 /* SectionSortingTestCase_1.swift in Sources */ = {isa = PBXBuildFile; fileRef = A1FEE217235475B7007FD238 /* SectionSortingTestCase_1.swift */; };
		A1FEE27C235475B9007FD238 /* PriceVolumeTestCase.swift in Sources */ = {isa = PBXBuildFile; fileRef = A1FEE219235475B7007FD238 /* PriceVolumeTestCase.swift */; };
		A1FEE27D235475B9007FD238 /* IPODateTestCase.swift in Sources */ = {isa = PBXBuildFile; fileRef = A1FEE21A235475B7007FD238 /* IPODateTestCase.swift */; };
		A1FEE27E235475B9007FD238 /* ForecastYearTestCase.swift in Sources */ = {isa = PBXBuildFile; fileRef = A1FEE21B235475B8007FD238 /* ForecastYearTestCase.swift */; };
		A1FEE27F235475B9007FD238 /* DRQuoteListTestCase.swift in Sources */ = {isa = PBXBuildFile; fileRef = A1FEE21C235475B8007FD238 /* DRQuoteListTestCase.swift */; };
		A1FEE280235475B9007FD238 /* AHQuoteListTestCase2.swift in Sources */ = {isa = PBXBuildFile; fileRef = A1FEE21D235475B8007FD238 /* AHQuoteListTestCase2.swift */; };
		A1FEE281235475B9007FD238 /* MAddValueTestCass.swift in Sources */ = {isa = PBXBuildFile; fileRef = A1FEE21E235475B8007FD238 /* MAddValueTestCass.swift */; };
		A1FEE282235475B9007FD238 /* FundIndustryPortfolioTestCase.swift in Sources */ = {isa = PBXBuildFile; fileRef = A1FEE21F235475B8007FD238 /* FundIndustryPortfolioTestCase.swift */; };
		A1FEE283235475B9007FD238 /* CoreBusinessTestCase.swift in Sources */ = {isa = PBXBuildFile; fileRef = A1FEE220235475B8007FD238 /* CoreBusinessTestCase.swift */; };
		A1FEE284235475B9007FD238 /* BondBasicInfoTestCase.swift in Sources */ = {isa = PBXBuildFile; fileRef = A1FEE221235475B8007FD238 /* BondBasicInfoTestCase.swift */; };
		A1FEE286235475B9007FD238 /* MarginInfoDiffTestCase.swift in Sources */ = {isa = PBXBuildFile; fileRef = A1FEE223235475B9007FD238 /* MarginInfoDiffTestCase.swift */; };
		A1FEE287235475B9007FD238 /* HSAmountTestCase.swift in Sources */ = {isa = PBXBuildFile; fileRef = A1FEE224235475B9007FD238 /* HSAmountTestCase.swift */; };
		A1FEE288235475B9007FD238 /* BidChartTestCase.swift in Sources */ = {isa = PBXBuildFile; fileRef = A1FEE225235475B9007FD238 /* BidChartTestCase.swift */; };
/* End PBXBuildFile section */

/* Begin PBXContainerItemProxy section */
		A153911C23113DF3007648F4 /* PBXContainerItemProxy */ = {
			isa = PBXContainerItemProxy;
			containerPortal = A15390FF23113DF3007648F4 /* Project object */;
			proxyType = 1;
			remoteGlobalIDString = A153910623113DF3007648F4;
			remoteInfo = IOSTestRunner;
		};
		A153912723113DF3007648F4 /* PBXContainerItemProxy */ = {
			isa = PBXContainerItemProxy;
			containerPortal = A15390FF23113DF3007648F4 /* Project object */;
			proxyType = 1;
			remoteGlobalIDString = A153910623113DF3007648F4;
			remoteInfo = IOSTestRunner;
		};
/* End PBXContainerItemProxy section */

/* Begin PBXFileReference section */
		02210385DFA559ED7FC610E5 /* Pods-IOSTestRunner.release.xcconfig */ = {isa = PBXFileReference; includeInIndex = 1; lastKnownFileType = text.xcconfig; name = "Pods-IOSTestRunner.release.xcconfig"; path = "Target Support Files/Pods-IOSTestRunner/Pods-IOSTestRunner.release.xcconfig"; sourceTree = "<group>"; };
		3C3DC3C8A823E79661CF21C1 /* Pods_IOSTestRunnerUITests.framework */ = {isa = PBXFileReference; explicitFileType = wrapper.framework; includeInIndex = 0; path = Pods_IOSTestRunnerUITests.framework; sourceTree = BUILT_PRODUCTS_DIR; };
		3C750F670F572446A1C2D3D0 /* Pods_IOSTestRunnerTests.framework */ = {isa = PBXFileReference; explicitFileType = wrapper.framework; includeInIndex = 0; path = Pods_IOSTestRunnerTests.framework; sourceTree = BUILT_PRODUCTS_DIR; };
		4EB4EE57B2D9E4412B12A130 /* Pods-IOSTestRunner.debug.xcconfig */ = {isa = PBXFileReference; includeInIndex = 1; lastKnownFileType = text.xcconfig; name = "Pods-IOSTestRunner.debug.xcconfig"; path = "Target Support Files/Pods-IOSTestRunner/Pods-IOSTestRunner.debug.xcconfig"; sourceTree = "<group>"; };
		9DC61FBFB7002141182E1DB4 /* Pods-IOSTestRunnerTests.debug.xcconfig */ = {isa = PBXFileReference; includeInIndex = 1; lastKnownFileType = text.xcconfig; name = "Pods-IOSTestRunnerTests.debug.xcconfig"; path = "Target Support Files/Pods-IOSTestRunnerTests/Pods-IOSTestRunnerTests.debug.xcconfig"; sourceTree = "<group>"; };
		A11F65822314D3F6000071A2 /* config.pb.swift */ = {isa = PBXFileReference; fileEncoding = 4; lastKnownFileType = sourcecode.swift; path = config.pb.swift; sourceTree = "<group>"; };
		A11F869823150A4400F75635 /* ExampleTestCase2.swift */ = {isa = PBXFileReference; lastKnownFileType = sourcecode.swift; path = ExampleTestCase2.swift; sourceTree = "<group>"; };
		A11F869A23156AAB00F75635 /* TestCaseRoundConfig.swift */ = {isa = PBXFileReference; lastKnownFileType = sourcecode.swift; path = TestCaseRoundConfig.swift; sourceTree = "<group>"; };
		A153910723113DF3007648F4 /* IOSTestRunner.app */ = {isa = PBXFileReference; explicitFileType = wrapper.application; includeInIndex = 0; path = IOSTestRunner.app; sourceTree = BUILT_PRODUCTS_DIR; };
		A153910A23113DF3007648F4 /* AppDelegate.swift */ = {isa = PBXFileReference; lastKnownFileType = sourcecode.swift; path = AppDelegate.swift; sourceTree = "<group>"; };
		A153910C23113DF3007648F4 /* ViewController.swift */ = {isa = PBXFileReference; lastKnownFileType = sourcecode.swift; path = ViewController.swift; sourceTree = "<group>"; };
		A153910F23113DF3007648F4 /* Base */ = {isa = PBXFileReference; lastKnownFileType = file.storyboard; name = Base; path = Base.lproj/Main.storyboard; sourceTree = "<group>"; };
		A153911123113DF3007648F4 /* Assets.xcassets */ = {isa = PBXFileReference; lastKnownFileType = folder.assetcatalog; path = Assets.xcassets; sourceTree = "<group>"; };
		A153911423113DF3007648F4 /* Base */ = {isa = PBXFileReference; lastKnownFileType = file.storyboard; name = Base; path = Base.lproj/LaunchScreen.storyboard; sourceTree = "<group>"; };
		A153911623113DF3007648F4 /* Info.plist */ = {isa = PBXFileReference; lastKnownFileType = text.plist.xml; path = Info.plist; sourceTree = "<group>"; };
		A153911B23113DF3007648F4 /* IOSTestRunnerTests.xctest */ = {isa = PBXFileReference; explicitFileType = wrapper.cfbundle; includeInIndex = 0; path = IOSTestRunnerTests.xctest; sourceTree = BUILT_PRODUCTS_DIR; };
		A153911F23113DF3007648F4 /* ExampleTestCase1.swift */ = {isa = PBXFileReference; indentWidth = 4; lastKnownFileType = sourcecode.swift; path = ExampleTestCase1.swift; sourceTree = "<group>"; tabWidth = 2; };
		A153912123113DF3007648F4 /* Info.plist */ = {isa = PBXFileReference; lastKnownFileType = text.plist.xml; path = Info.plist; sourceTree = "<group>"; };
		A153912623113DF3007648F4 /* IOSTestRunnerUITests.xctest */ = {isa = PBXFileReference; explicitFileType = wrapper.cfbundle; includeInIndex = 0; path = IOSTestRunnerUITests.xctest; sourceTree = BUILT_PRODUCTS_DIR; };
		A153912A23113DF3007648F4 /* IOSTestRunnerUITests.swift */ = {isa = PBXFileReference; lastKnownFileType = sourcecode.swift; path = IOSTestRunnerUITests.swift; sourceTree = "<group>"; };
		A153912C23113DF3007648F4 /* Info.plist */ = {isa = PBXFileReference; lastKnownFileType = text.plist.xml; path = Info.plist; sourceTree = "<group>"; };
		A1658D10231778A400B876D3 /* libMApi.a */ = {isa = PBXFileReference; lastKnownFileType = archive.ar; name = libMApi.a; path = sdk/libMApi.a; sourceTree = "<group>"; };
		A1658D1523177FD100B876D3 /* SDKSetup.swift */ = {isa = PBXFileReference; lastKnownFileType = sourcecode.swift; path = SDKSetup.swift; sourceTree = "<group>"; };
		A1658D1A2317D4F400B876D3 /* libc++.tbd */ = {isa = PBXFileReference; lastKnownFileType = "sourcecode.text-based-dylib-definition"; name = "libc++.tbd"; path = "usr/lib/libc++.tbd"; sourceTree = SDKROOT; };
		A1658D362318E84700B876D3 /* SystemConfiguration.framework */ = {isa = PBXFileReference; lastKnownFileType = wrapper.framework; name = SystemConfiguration.framework; path = System/Library/Frameworks/SystemConfiguration.framework; sourceTree = SDKROOT; };
		A1658D382318E85000B876D3 /* libz.tbd */ = {isa = PBXFileReference; lastKnownFileType = "sourcecode.text-based-dylib-definition"; name = libz.tbd; path = usr/lib/libz.tbd; sourceTree = SDKROOT; };
		A1658D3A2318E85900B876D3 /* CoreData.framework */ = {isa = PBXFileReference; lastKnownFileType = wrapper.framework; name = CoreData.framework; path = System/Library/Frameworks/CoreData.framework; sourceTree = SDKROOT; };
		A1658DA0231A494000B876D3 /* MApiObject+Info.h */ = {isa = PBXFileReference; fileEncoding = 4; lastKnownFileType = sourcecode.c.h; path = "MApiObject+Info.h"; sourceTree = "<group>"; };
		A1658DA1231A494000B876D3 /* MApiObject.h */ = {isa = PBXFileReference; fileEncoding = 4; lastKnownFileType = sourcecode.c.h; path = MApiObject.h; sourceTree = "<group>"; };
		A1658DA2231A494000B876D3 /* MChartView.h */ = {isa = PBXFileReference; fileEncoding = 4; lastKnownFileType = sourcecode.c.h; path = MChartView.h; sourceTree = "<group>"; };
		A1658DA3231A494000B876D3 /* MApi.h */ = {isa = PBXFileReference; fileEncoding = 4; lastKnownFileType = sourcecode.c.h; path = MApi.h; sourceTree = "<group>"; };
		A1658DA4231A494000B876D3 /* MIPOCalendarView.h */ = {isa = PBXFileReference; fileEncoding = 4; lastKnownFileType = sourcecode.c.h; path = MIPOCalendarView.h; sourceTree = "<group>"; };
		A1658DA5231A494000B876D3 /* MIPODetailView.h */ = {isa = PBXFileReference; fileEncoding = 4; lastKnownFileType = sourcecode.c.h; path = MIPODetailView.h; sourceTree = "<group>"; };
		A1658DA6231A494000B876D3 /* MTOptionView.h */ = {isa = PBXFileReference; fileEncoding = 4; lastKnownFileType = sourcecode.c.h; path = MTOptionView.h; sourceTree = "<group>"; };
		A1C0CEA6231F61E0002F1A26 /* record.pb.swift */ = {isa = PBXFileReference; fileEncoding = 4; lastKnownFileType = sourcecode.swift; path = record.pb.swift; sourceTree = "<group>"; };
		A1C68386231180E0001F7CD0 /* RunnerSetup.swift */ = {isa = PBXFileReference; indentWidth = 4; lastKnownFileType = sourcecode.swift; path = RunnerSetup.swift; sourceTree = "<group>"; };
		A1C6838823123DEE001F7CD0 /* StockTestCaseName.swift */ = {isa = PBXFileReference; lastKnownFileType = sourcecode.swift; path = StockTestCaseName.swift; sourceTree = "<group>"; };
		A1C6838B23124596001F7CD0 /* IOSTestRunnerTests-Bridging-Header.h */ = {isa = PBXFileReference; lastKnownFileType = sourcecode.c.h; path = "IOSTestRunnerTests-Bridging-Header.h"; sourceTree = "<group>"; };
		A1DA4150231E49750019A5D4 /* TestResultCollector.swift */ = {isa = PBXFileReference; lastKnownFileType = sourcecode.swift; path = TestResultCollector.swift; sourceTree = "<group>"; };
		A1DA4152231E4D5A0019A5D4 /* StockTestObservation.swift */ = {isa = PBXFileReference; lastKnownFileType = sourcecode.swift; path = StockTestObservation.swift; sourceTree = "<group>"; };
		A1DDD9B8239A62DA000640C3 /* MongoCollector.swift */ = {isa = PBXFileReference; lastKnownFileType = sourcecode.swift; path = MongoCollector.swift; sourceTree = "<group>"; };
		A1DDD9BA239A62F1000640C3 /* LogCollector.swift */ = {isa = PBXFileReference; lastKnownFileType = sourcecode.swift; path = LogCollector.swift; sourceTree = "<group>"; };
		A1DDD9BD239BA874000640C3 /* Pods_IOSTestRunnerTests.framework */ = {isa = PBXFileReference; explicitFileType = wrapper.framework; path = Pods_IOSTestRunnerTests.framework; sourceTree = BUILT_PRODUCTS_DIR; };
		A1F7BF40231388DE00687389 /* Utils.swift */ = {isa = PBXFileReference; lastKnownFileType = sourcecode.swift; path = Utils.swift; sourceTree = "<group>"; };
		A1F7BF422313D4D800687389 /* BaseTestCase.swift */ = {isa = PBXFileReference; lastKnownFileType = sourcecode.swift; path = BaseTestCase.swift; sourceTree = "<group>"; };
		A1F7BF442313DB1C00687389 /* ParametrizedTestCase.h */ = {isa = PBXFileReference; lastKnownFileType = sourcecode.c.h; path = ParametrizedTestCase.h; sourceTree = "<group>"; };
		A1F7BF452313DB4D00687389 /* ParametrizedTestCase.m */ = {isa = PBXFileReference; lastKnownFileType = sourcecode.c.objc; path = ParametrizedTestCase.m; sourceTree = "<group>"; };
		A1FEE1C1235471DB007FD238 /* MobileCoreServices.framework */ = {isa = PBXFileReference; lastKnownFileType = wrapper.framework; name = MobileCoreServices.framework; path = System/Library/Frameworks/MobileCoreServices.framework; sourceTree = SDKROOT; };
		A1FEE1C4235475AE007FD238 /* StockShareInfoTestCase.swift */ = {isa = PBXFileReference; fileEncoding = 4; lastKnownFileType = sourcecode.swift; path = StockShareInfoTestCase.swift; sourceTree = "<group>"; };
		A1FEE1C5235475AE007FD238 /* HKMarketInfoTestCase.swift */ = {isa = PBXFileReference; fileEncoding = 4; lastKnownFileType = sourcecode.swift; path = HKMarketInfoTestCase.swift; sourceTree = "<group>"; };
		A1FEE1C6235475AE007FD238 /* HKQuoteInfoTestCase.swift */ = {isa = PBXFileReference; fileEncoding = 4; lastKnownFileType = sourcecode.swift; path = HKQuoteInfoTestCase.swift; sourceTree = "<group>"; };
		A1FEE1C8235475AF007FD238 /* FundStockPortfolioTestCase.swift */ = {isa = PBXFileReference; fileEncoding = 4; lastKnownFileType = sourcecode.swift; path = FundStockPortfolioTestCase.swift; sourceTree = "<group>"; };
		A1FEE1C9235475AF007FD238 /* FundShareHolderInfoTestCase.swift */ = {isa = PBXFileReference; fileEncoding = 4; lastKnownFileType = sourcecode.swift; path = FundShareHolderInfoTestCase.swift; sourceTree = "<group>"; };
		A1FEE1CA235475AF007FD238 /* LatestIndexTestCase.swift */ = {isa = PBXFileReference; fileEncoding = 4; lastKnownFileType = sourcecode.swift; path = LatestIndexTestCase.swift; sourceTree = "<group>"; };
		A1FEE1CD235475AF007FD238 /* FundAssetAllocationTestCase.swift */ = {isa = PBXFileReference; fileEncoding = 4; lastKnownFileType = sourcecode.swift; path = FundAssetAllocationTestCase.swift; sourceTree = "<group>"; };
		A1FEE1CF235475AF007FD238 /* ChartTestCase.swift */ = {isa = PBXFileReference; fileEncoding = 4; lastKnownFileType = sourcecode.swift; path = ChartTestCase.swift; sourceTree = "<group>"; };
		A1FEE1D0235475AF007FD238 /* PlateIndexQuoteTestCase.swift */ = {isa = PBXFileReference; fileEncoding = 4; lastKnownFileType = sourcecode.swift; path = PlateIndexQuoteTestCase.swift; sourceTree = "<group>"; };
		A1FEE1D1235475AF007FD238 /* StockReportListTestCase.swift */ = {isa = PBXFileReference; fileEncoding = 4; lastKnownFileType = sourcecode.swift; path = StockReportListTestCase.swift; sourceTree = "<group>"; };
		A1FEE1D2235475AF007FD238 /* SubnewBondRankingTestCase.swift */ = {isa = PBXFileReference; fileEncoding = 4; lastKnownFileType = sourcecode.swift; path = SubnewBondRankingTestCase.swift; sourceTree = "<group>"; };
		A1FEE1D3235475AF007FD238 /* TradeQuoteTestCase.swift */ = {isa = PBXFileReference; fileEncoding = 4; lastKnownFileType = sourcecode.swift; path = TradeQuoteTestCase.swift; sourceTree = "<group>"; };
		A1FEE1D4235475B0007FD238 /* AHQuoteTestCase.swift */ = {isa = PBXFileReference; fileEncoding = 4; lastKnownFileType = sourcecode.swift; path = AHQuoteTestCase.swift; sourceTree = "<group>"; };
		A1FEE1D6235475B0007FD238 /* L2TimeTickTestCase.swift */ = {isa = PBXFileReference; fileEncoding = 4; lastKnownFileType = sourcecode.swift; path = L2TimeTickTestCase.swift; sourceTree = "<group>"; };
		A1FEE1D7235475B0007FD238 /* FundValueTestCase.swift */ = {isa = PBXFileReference; fileEncoding = 4; lastKnownFileType = sourcecode.swift; path = FundValueTestCase.swift; sourceTree = "<group>"; };
		A1FEE1D8235475B0007FD238 /* HistoryChartTestCase.swift */ = {isa = PBXFileReference; fileEncoding = 4; lastKnownFileType = sourcecode.swift; path = HistoryChartTestCase.swift; sourceTree = "<group>"; };
		A1FEE1D9235475B0007FD238 /* MarginInfoShareTestCase.swift */ = {isa = PBXFileReference; fileEncoding = 4; lastKnownFileType = sourcecode.swift; path = MarginInfoShareTestCase.swift; sourceTree = "<group>"; };
		A1FEE1DA235475B0007FD238 /* FundShareStructTestCase.swift */ = {isa = PBXFileReference; fileEncoding = 4; lastKnownFileType = sourcecode.swift; path = FundShareStructTestCase.swift; sourceTree = "<group>"; };
		A1FEE1DB235475B0007FD238 /* FundFinanceTestCase.swift */ = {isa = PBXFileReference; fileEncoding = 4; lastKnownFileType = sourcecode.swift; path = FundFinanceTestCase.swift; sourceTree = "<group>"; };
		A1FEE1DC235475B0007FD238 /* ForecastRatingTestCase.swift */ = {isa = PBXFileReference; fileEncoding = 4; lastKnownFileType = sourcecode.swift; path = ForecastRatingTestCase.swift; sourceTree = "<group>"; };
		A1FEE1DD235475B0007FD238 /* TimeTickTestCase.swift */ = {isa = PBXFileReference; fileEncoding = 4; lastKnownFileType = sourcecode.swift; path = TimeTickTestCase.swift; sourceTree = "<group>"; };
		A1FEE1DE235475B1007FD238 /* FinancialSummaryTestCase.swift */ = {isa = PBXFileReference; fileEncoding = 4; lastKnownFileType = sourcecode.swift; path = FinancialSummaryTestCase.swift; sourceTree = "<group>"; };
		A1FEE1DF235475B1007FD238 /* BondInterestPayTestCase.swift */ = {isa = PBXFileReference; fileEncoding = 4; lastKnownFileType = sourcecode.swift; path = BondInterestPayTestCase.swift; sourceTree = "<group>"; };
		A1FEE1E0235475B1007FD238 /* OHLCSubTestCase.swift */ = {isa = PBXFileReference; fileEncoding = 4; lastKnownFileType = sourcecode.swift; path = OHLCSubTestCase.swift; sourceTree = "<group>"; };
		A1FEE1E1235475B1007FD238 /* StockShareChangeInfoTestCase.swift */ = {isa = PBXFileReference; fileEncoding = 4; lastKnownFileType = sourcecode.swift; path = StockShareChangeInfoTestCase.swift; sourceTree = "<group>"; };
		A1FEE1E2235475B1007FD238 /* OHLCTestCase.swift */ = {isa = PBXFileReference; fileEncoding = 4; lastKnownFileType = sourcecode.swift; path = OHLCTestCase.swift; sourceTree = "<group>"; };
		A1FEE1E3235475B1007FD238 /* CompanyInfoTestCase.swift */ = {isa = PBXFileReference; fileEncoding = 4; lastKnownFileType = sourcecode.swift; path = CompanyInfoTestCase.swift; sourceTree = "<group>"; };
		A1FEE1E4235475B1007FD238 /* FinancialInfoTestCase.swift */ = {isa = PBXFileReference; fileEncoding = 4; lastKnownFileType = sourcecode.swift; path = FinancialInfoTestCase.swift; sourceTree = "<group>"; };
		A1FEE1E5235475B1007FD238 /* LeaderPersonInfoTestCase.swift */ = {isa = PBXFileReference; fileEncoding = 4; lastKnownFileType = sourcecode.swift; path = LeaderPersonInfoTestCase.swift; sourceTree = "<group>"; };
		A1FEE1E6235475B1007FD238 /* TradeDetailInfoTestCase.swift */ = {isa = PBXFileReference; fileEncoding = 4; lastKnownFileType = sourcecode.swift; path = TradeDetailInfoTestCase.swift; sourceTree = "<group>"; };
		A1FEE1E7235475B2007FD238 /* HKPriceDiffTestCase.swift */ = {isa = PBXFileReference; fileEncoding = 4; lastKnownFileType = sourcecode.swift; path = HKPriceDiffTestCase.swift; sourceTree = "<group>"; };
		A1FEE1E8235475B2007FD238 /* IPOShareDetailTestCase.swift */ = {isa = PBXFileReference; fileEncoding = 4; lastKnownFileType = sourcecode.swift; path = IPOShareDetailTestCase.swift; sourceTree = "<group>"; };
		A1FEE1E9235475B2007FD238 /* OrderQuantityTestCase.swift */ = {isa = PBXFileReference; fileEncoding = 4; lastKnownFileType = sourcecode.swift; path = OrderQuantityTestCase.swift; sourceTree = "<group>"; };
		A1FEE1EA235475B2007FD238 /* MarginInfoTestCase.swift */ = {isa = PBXFileReference; fileEncoding = 4; lastKnownFileType = sourcecode.swift; path = MarginInfoTestCase.swift; sourceTree = "<group>"; };
		A1FEE1EB235475B2007FD238 /* DRLinkTestCase.swift */ = {isa = PBXFileReference; fileEncoding = 4; lastKnownFileType = sourcecode.swift; path = DRLinkTestCase.swift; sourceTree = "<group>"; };
		A1FEE1ED235475B2007FD238 /* FundNetValueTestCase.swift */ = {isa = PBXFileReference; fileEncoding = 4; lastKnownFileType = sourcecode.swift; path = FundNetValueTestCase.swift; sourceTree = "<group>"; };
		A1FEE1EE235475B2007FD238 /* BrokerInfoTestCase.swift */ = {isa = PBXFileReference; fileEncoding = 4; lastKnownFileType = sourcecode.swift; path = BrokerInfoTestCase.swift; sourceTree = "<group>"; };
		A1FEE1EF235475B2007FD238 /* AHQuoteListTestCase1.swift */ = {isa = PBXFileReference; fileEncoding = 4; lastKnownFileType = sourcecode.swift; path = AHQuoteListTestCase1.swift; sourceTree = "<group>"; };
		A1FEE1F0235475B3007FD238 /* MarketHolidayTestCase.swift */ = {isa = PBXFileReference; fileEncoding = 4; lastKnownFileType = sourcecode.swift; path = MarketHolidayTestCase.swift; sourceTree = "<group>"; };
		A1FEE1F1235475B3007FD238 /* TopShareHolderTestCase.swift */ = {isa = PBXFileReference; fileEncoding = 4; lastKnownFileType = sourcecode.swift; path = TopShareHolderTestCase.swift; sourceTree = "<group>"; };
		A1FEE1F3235475B3007FD238 /* NewsTestCase.swift */ = {isa = PBXFileReference; fileEncoding = 4; lastKnownFileType = sourcecode.swift; path = NewsTestCase.swift; sourceTree = "<group>"; };
		A1FEE1F5235475B3007FD238 /* BonusFinanceTestCase.swift */ = {isa = PBXFileReference; fileEncoding = 4; lastKnownFileType = sourcecode.swift; path = BonusFinanceTestCase.swift; sourceTree = "<group>"; };
		A1FEE1F7235475B3007FD238 /* IndexUpdownsTestCase.swift */ = {isa = PBXFileReference; fileEncoding = 4; lastKnownFileType = sourcecode.swift; path = IndexUpdownsTestCase.swift; sourceTree = "<group>"; };
		A1FEE1F8235475B4007FD238 /* AddValueTestCase.swift */ = {isa = PBXFileReference; fileEncoding = 4; lastKnownFileType = sourcecode.swift; path = AddValueTestCase.swift; sourceTree = "<group>"; };
		A1FEE1F9235475B4007FD238 /* ExpireMonthTestCase.swift */ = {isa = PBXFileReference; fileEncoding = 4; lastKnownFileType = sourcecode.swift; path = ExpireMonthTestCase.swift; sourceTree = "<group>"; };
		A1FEE1FA235475B4007FD238 /* OHLCV2TestCase.swift */ = {isa = PBXFileReference; fileEncoding = 4; lastKnownFileType = sourcecode.swift; path = OHLCV2TestCase.swift; sourceTree = "<group>"; };
		A1FEE1FC235475B4007FD238 /* TradeDateTestCase.swift */ = {isa = PBXFileReference; fileEncoding = 4; lastKnownFileType = sourcecode.swift; path = TradeDateTestCase.swift; sourceTree = "<group>"; };
		A1FEE1FD235475B4007FD238 /* MarketUpdownsTestCase.swift */ = {isa = PBXFileReference; fileEncoding = 4; lastKnownFileType = sourcecode.swift; path = MarketUpdownsTestCase.swift; sourceTree = "<group>"; };
		A1FEE1FE235475B4007FD238 /* FundDividendTestCase.swift */ = {isa = PBXFileReference; fileEncoding = 4; lastKnownFileType = sourcecode.swift; path = FundDividendTestCase.swift; sourceTree = "<group>"; };
		A1FEE1FF235475B4007FD238 /* NewsListTestCase.swift */ = {isa = PBXFileReference; fileEncoding = 4; lastKnownFileType = sourcecode.swift; path = NewsListTestCase.swift; sourceTree = "<group>"; };
		A1FEE200235475B4007FD238 /* L2TimeTickDetailTestCase.swift */ = {isa = PBXFileReference; fileEncoding = 4; lastKnownFileType = sourcecode.swift; path = L2TimeTickDetailTestCase.swift; sourceTree = "<group>"; };
		A1FEE201235475B5007FD238 /* FundBasicInfoTestCase.swift */ = {isa = PBXFileReference; fileEncoding = 4; lastKnownFileType = sourcecode.swift; path = FundBasicInfoTestCase.swift; sourceTree = "<group>"; };
		A1FEE202235475B5007FD238 /* SearchTestCase.swift */ = {isa = PBXFileReference; fileEncoding = 4; lastKnownFileType = sourcecode.swift; path = SearchTestCase.swift; sourceTree = "<group>"; };
		A1FEE203235475B5007FD238 /* GradeFundTestCase.swift */ = {isa = PBXFileReference; fileEncoding = 4; lastKnownFileType = sourcecode.swift; path = GradeFundTestCase.swift; sourceTree = "<group>"; };
		A1FEE204235475B5007FD238 /* SectionSortingTestCase_2.swift */ = {isa = PBXFileReference; fileEncoding = 4; lastKnownFileType = sourcecode.swift; path = SectionSortingTestCase_2.swift; sourceTree = "<group>"; };
		A1FEE205235475B5007FD238 /* IPOCalendarTestCase.swift */ = {isa = PBXFileReference; fileEncoding = 4; lastKnownFileType = sourcecode.swift; path = IPOCalendarTestCase.swift; sourceTree = "<group>"; };
		A1FEE206235475B5007FD238 /* StaticDataTestCase.swift */ = {isa = PBXFileReference; fileEncoding = 4; lastKnownFileType = sourcecode.swift; path = StaticDataTestCase.swift; sourceTree = "<group>"; };
		A1FEE207235475B5007FD238 /* ShareHolderHistoryInfoTestCase.swift */ = {isa = PBXFileReference; fileEncoding = 4; lastKnownFileType = sourcecode.swift; path = ShareHolderHistoryInfoTestCase.swift; sourceTree = "<group>"; };
		A1FEE208235475B5007FD238 /* UKQuoteTestCase.swift */ = {isa = PBXFileReference; fileEncoding = 4; lastKnownFileType = sourcecode.swift; path = UKQuoteTestCase.swift; sourceTree = "<group>"; };
		A1FEE209235475B5007FD238 /* TopLiquidShareHolderTestCase.swift */ = {isa = PBXFileReference; fileEncoding = 4; lastKnownFileType = sourcecode.swift; path = TopLiquidShareHolderTestCase.swift; sourceTree = "<group>"; };
		A1FEE20A235475B6007FD238 /* ChartIndexTestCase.swift */ = {isa = PBXFileReference; fileEncoding = 4; lastKnownFileType = sourcecode.swift; path = ChartIndexTestCase.swift; sourceTree = "<group>"; };
		A1FEE20C235475B6007FD238 /* StockNewsListTestCase.swift */ = {isa = PBXFileReference; fileEncoding = 4; lastKnownFileType = sourcecode.swift; path = StockNewsListTestCase.swift; sourceTree = "<group>"; };
		A1FEE20D235475B6007FD238 /* BondBuyBacksTestCase.swift */ = {isa = PBXFileReference; fileEncoding = 4; lastKnownFileType = sourcecode.swift; path = BondBuyBacksTestCase.swift; sourceTree = "<group>"; };
		A1FEE20E235475B6007FD238 /* SubnewStockRankingTestCase.swift */ = {isa = PBXFileReference; fileEncoding = 4; lastKnownFileType = sourcecode.swift; path = SubnewStockRankingTestCase.swift; sourceTree = "<group>"; };
		A1FEE211235475B6007FD238 /* BigEventNotificationTestCase.swift */ = {isa = PBXFileReference; fileEncoding = 4; lastKnownFileType = sourcecode.swift; path = BigEventNotificationTestCase.swift; sourceTree = "<group>"; };
		A1FEE213235475B7007FD238 /* F10TestCase.swift */ = {isa = PBXFileReference; fileEncoding = 4; lastKnownFileType = sourcecode.swift; path = F10TestCase.swift; sourceTree = "<group>"; };
		A1FEE214235475B7007FD238 /* BlockTradeTestCase.swift */ = {isa = PBXFileReference; fileEncoding = 4; lastKnownFileType = sourcecode.swift; path = BlockTradeTestCase.swift; sourceTree = "<group>"; };
		A1FEE215235475B7007FD238 /* LinkQuoteTestCase.swift */ = {isa = PBXFileReference; fileEncoding = 4; lastKnownFileType = sourcecode.swift; path = LinkQuoteTestCase.swift; sourceTree = "<group>"; };
		A1FEE216235475B7007FD238 /* OverLayChartTestCase.swift */ = {isa = PBXFileReference; fileEncoding = 4; lastKnownFileType = sourcecode.swift; path = OverLayChartTestCase.swift; sourceTree = "<group>"; };
		A1FEE217235475B7007FD238 /* SectionSortingTestCase_1.swift */ = {isa = PBXFileReference; fileEncoding = 4; lastKnownFileType = sourcecode.swift; path = SectionSortingTestCase_1.swift; sourceTree = "<group>"; };
		A1FEE219235475B7007FD238 /* PriceVolumeTestCase.swift */ = {isa = PBXFileReference; fileEncoding = 4; lastKnownFileType = sourcecode.swift; path = PriceVolumeTestCase.swift; sourceTree = "<group>"; };
		A1FEE21A235475B7007FD238 /* IPODateTestCase.swift */ = {isa = PBXFileReference; fileEncoding = 4; lastKnownFileType = sourcecode.swift; path = IPODateTestCase.swift; sourceTree = "<group>"; };
		A1FEE21B235475B8007FD238 /* ForecastYearTestCase.swift */ = {isa = PBXFileReference; fileEncoding = 4; lastKnownFileType = sourcecode.swift; path = ForecastYearTestCase.swift; sourceTree = "<group>"; };
		A1FEE21C235475B8007FD238 /* DRQuoteListTestCase.swift */ = {isa = PBXFileReference; fileEncoding = 4; lastKnownFileType = sourcecode.swift; path = DRQuoteListTestCase.swift; sourceTree = "<group>"; };
		A1FEE21D235475B8007FD238 /* AHQuoteListTestCase2.swift */ = {isa = PBXFileReference; fileEncoding = 4; lastKnownFileType = sourcecode.swift; path = AHQuoteListTestCase2.swift; sourceTree = "<group>"; };
		A1FEE21E235475B8007FD238 /* MAddValueTestCass.swift */ = {isa = PBXFileReference; fileEncoding = 4; lastKnownFileType = sourcecode.swift; path = MAddValueTestCass.swift; sourceTree = "<group>"; };
		A1FEE21F235475B8007FD238 /* FundIndustryPortfolioTestCase.swift */ = {isa = PBXFileReference; fileEncoding = 4; lastKnownFileType = sourcecode.swift; path = FundIndustryPortfolioTestCase.swift; sourceTree = "<group>"; };
		A1FEE220235475B8007FD238 /* CoreBusinessTestCase.swift */ = {isa = PBXFileReference; fileEncoding = 4; lastKnownFileType = sourcecode.swift; path = CoreBusinessTestCase.swift; sourceTree = "<group>"; };
		A1FEE221235475B8007FD238 /* BondBasicInfoTestCase.swift */ = {isa = PBXFileReference; fileEncoding = 4; lastKnownFileType = sourcecode.swift; path = BondBasicInfoTestCase.swift; sourceTree = "<group>"; };
		A1FEE223235475B9007FD238 /* MarginInfoDiffTestCase.swift */ = {isa = PBXFileReference; fileEncoding = 4; lastKnownFileType = sourcecode.swift; path = MarginInfoDiffTestCase.swift; sourceTree = "<group>"; };
		A1FEE224235475B9007FD238 /* HSAmountTestCase.swift */ = {isa = PBXFileReference; fileEncoding = 4; lastKnownFileType = sourcecode.swift; path = HSAmountTestCase.swift; sourceTree = "<group>"; };
		A1FEE225235475B9007FD238 /* BidChartTestCase.swift */ = {isa = PBXFileReference; fileEncoding = 4; lastKnownFileType = sourcecode.swift; path = BidChartTestCase.swift; sourceTree = "<group>"; };
		AF2A90A5D7D394CAFFFEC886 /* Pods-IOSTestRunnerUITests.release.xcconfig */ = {isa = PBXFileReference; includeInIndex = 1; lastKnownFileType = text.xcconfig; name = "Pods-IOSTestRunnerUITests.release.xcconfig"; path = "Target Support Files/Pods-IOSTestRunnerUITests/Pods-IOSTestRunnerUITests.release.xcconfig"; sourceTree = "<group>"; };
		B9F9299787F0EE885B900D99 /* Pods-IOSTestRunnerUITests.debug.xcconfig */ = {isa = PBXFileReference; includeInIndex = 1; lastKnownFileType = text.xcconfig; name = "Pods-IOSTestRunnerUITests.debug.xcconfig"; path = "Target Support Files/Pods-IOSTestRunnerUITests/Pods-IOSTestRunnerUITests.debug.xcconfig"; sourceTree = "<group>"; };
		D4A94600D5B65976CE633A43 /* Pods_IOSTestRunner.framework */ = {isa = PBXFileReference; explicitFileType = wrapper.framework; includeInIndex = 0; path = Pods_IOSTestRunner.framework; sourceTree = BUILT_PRODUCTS_DIR; };
		D926D17FD62EDABC23E51D7A /* Pods-IOSTestRunnerTests.release.xcconfig */ = {isa = PBXFileReference; includeInIndex = 1; lastKnownFileType = text.xcconfig; name = "Pods-IOSTestRunnerTests.release.xcconfig"; path = "Target Support Files/Pods-IOSTestRunnerTests/Pods-IOSTestRunnerTests.release.xcconfig"; sourceTree = "<group>"; };
/* End PBXFileReference section */

/* Begin PBXFrameworksBuildPhase section */
		A153910423113DF3007648F4 /* Frameworks */ = {
			isa = PBXFrameworksBuildPhase;
			buildActionMask = 2147483647;
			files = (
				6785ABBAD5E48E3A33F6E05B /* Pods_IOSTestRunner.framework in Frameworks */,
			);
			runOnlyForDeploymentPostprocessing = 0;
		};
		A153911823113DF3007648F4 /* Frameworks */ = {
			isa = PBXFrameworksBuildPhase;
			buildActionMask = 2147483647;
			files = (
				A1DDD9BC239BA78E000640C3 /* libMApi.a in Frameworks */,
				A1FEE1C2235471DB007FD238 /* MobileCoreServices.framework in Frameworks */,
				A1658DCC231AA0E100B876D3 /* CoreData.framework in Frameworks */,
				A1658DCB231AA0DB00B876D3 /* SystemConfiguration.framework in Frameworks */,
				A1658D1B2317D4F400B876D3 /* libc++.tbd in Frameworks */,
				531233985C2C7E85A6AA6CEC /* Pods_IOSTestRunnerTests.framework in Frameworks */,
			);
			runOnlyForDeploymentPostprocessing = 0;
		};
		A153912323113DF3007648F4 /* Frameworks */ = {
			isa = PBXFrameworksBuildPhase;
			buildActionMask = 2147483647;
			files = (
				4889D9AABFA7B1DBD71B43C9 /* Pods_IOSTestRunnerUITests.framework in Frameworks */,
			);
			runOnlyForDeploymentPostprocessing = 0;
		};
/* End PBXFrameworksBuildPhase section */

/* Begin PBXGroup section */
		2F873115E952AA612FD86800 /* Pods */ = {
			isa = PBXGroup;
			children = (
				4EB4EE57B2D9E4412B12A130 /* Pods-IOSTestRunner.debug.xcconfig */,
				02210385DFA559ED7FC610E5 /* Pods-IOSTestRunner.release.xcconfig */,
				9DC61FBFB7002141182E1DB4 /* Pods-IOSTestRunnerTests.debug.xcconfig */,
				D926D17FD62EDABC23E51D7A /* Pods-IOSTestRunnerTests.release.xcconfig */,
				B9F9299787F0EE885B900D99 /* Pods-IOSTestRunnerUITests.debug.xcconfig */,
				AF2A90A5D7D394CAFFFEC886 /* Pods-IOSTestRunnerUITests.release.xcconfig */,
			);
			path = Pods;
			sourceTree = "<group>";
		};
		A15390FE23113DF3007648F4 = {
			isa = PBXGroup;
			children = (
				A153910923113DF3007648F4 /* IOSTestRunner */,
				A153911E23113DF3007648F4 /* IOSTestRunnerTests */,
				A153912923113DF3007648F4 /* IOSTestRunnerUITests */,
				A153910823113DF3007648F4 /* Products */,
				A1C6839223124C5A001F7CD0 /* Frameworks */,
				2F873115E952AA612FD86800 /* Pods */,
			);
			sourceTree = "<group>";
		};
		A153910823113DF3007648F4 /* Products */ = {
			isa = PBXGroup;
			children = (
				A153910723113DF3007648F4 /* IOSTestRunner.app */,
				A153911B23113DF3007648F4 /* IOSTestRunnerTests.xctest */,
				A153912623113DF3007648F4 /* IOSTestRunnerUITests.xctest */,
			);
			name = Products;
			sourceTree = "<group>";
		};
		A153910923113DF3007648F4 /* IOSTestRunner */ = {
			isa = PBXGroup;
			children = (
				A153910A23113DF3007648F4 /* AppDelegate.swift */,
				A153910C23113DF3007648F4 /* ViewController.swift */,
				A153910E23113DF3007648F4 /* Main.storyboard */,
				A153911123113DF3007648F4 /* Assets.xcassets */,
				A153911323113DF3007648F4 /* LaunchScreen.storyboard */,
				A153911623113DF3007648F4 /* Info.plist */,
			);
			path = IOSTestRunner;
			sourceTree = "<group>";
		};
		A153911E23113DF3007648F4 /* IOSTestRunnerTests */ = {
			isa = PBXGroup;
			children = (
				A1F7BF472313DBD900687389 /* base */,
				A1C683952312558A001F7CD0 /* cases */,
				A1C6838B23124596001F7CD0 /* IOSTestRunnerTests-Bridging-Header.h */,
				A1C6838A2312453C001F7CD0 /* protos */,
				A1C68385231180A6001F7CD0 /* setup */,
				A153912123113DF3007648F4 /* Info.plist */,
				A1C6838823123DEE001F7CD0 /* StockTestCaseName.swift */,
				A1F7BF40231388DE00687389 /* Utils.swift */,
				A1DA4150231E49750019A5D4 /* TestResultCollector.swift */,
				A1DA4152231E4D5A0019A5D4 /* StockTestObservation.swift */,
				A1DDD9B8239A62DA000640C3 /* MongoCollector.swift */,
				A1DDD9BA239A62F1000640C3 /* LogCollector.swift */,
			);
			path = IOSTestRunnerTests;
			sourceTree = "<group>";
		};
		A153912923113DF3007648F4 /* IOSTestRunnerUITests */ = {
			isa = PBXGroup;
			children = (
				A153912A23113DF3007648F4 /* IOSTestRunnerUITests.swift */,
				A153912C23113DF3007648F4 /* Info.plist */,
			);
			path = IOSTestRunnerUITests;
			sourceTree = "<group>";
		};
		A1658D9F231A494000B876D3 /* MApi */ = {
			isa = PBXGroup;
			children = (
				A1658DA0231A494000B876D3 /* MApiObject+Info.h */,
				A1658DA1231A494000B876D3 /* MApiObject.h */,
				A1658DA2231A494000B876D3 /* MChartView.h */,
				A1658DA3231A494000B876D3 /* MApi.h */,
				A1658DA4231A494000B876D3 /* MIPOCalendarView.h */,
				A1658DA5231A494000B876D3 /* MIPODetailView.h */,
				A1658DA6231A494000B876D3 /* MTOptionView.h */,
			);
			name = MApi;
			path = sdk/MApi;
			sourceTree = "<group>";
		};
		A1C68385231180A6001F7CD0 /* setup */ = {
			isa = PBXGroup;
			children = (
				A1C68386231180E0001F7CD0 /* RunnerSetup.swift */,
				A11F869A23156AAB00F75635 /* TestCaseRoundConfig.swift */,
				A1658D1523177FD100B876D3 /* SDKSetup.swift */,
			);
			path = setup;
			sourceTree = "<group>";
		};
		A1C6838A2312453C001F7CD0 /* protos */ = {
			isa = PBXGroup;
			children = (
				A1C0CEA6231F61E0002F1A26 /* record.pb.swift */,
				A11F65822314D3F6000071A2 /* config.pb.swift */,
			);
			path = protos;
			sourceTree = "<group>";
		};
		A1C6839223124C5A001F7CD0 /* Frameworks */ = {
			isa = PBXGroup;
			children = (
				A1DDD9BD239BA874000640C3 /* Pods_IOSTestRunnerTests.framework */,
				A1FEE1C1235471DB007FD238 /* MobileCoreServices.framework */,
				A1658D9F231A494000B876D3 /* MApi */,
				A1658D3A2318E85900B876D3 /* CoreData.framework */,
				A1658D382318E85000B876D3 /* libz.tbd */,
				A1658D362318E84700B876D3 /* SystemConfiguration.framework */,
				A1658D1A2317D4F400B876D3 /* libc++.tbd */,
				A1658D10231778A400B876D3 /* libMApi.a */,
				D4A94600D5B65976CE633A43 /* Pods_IOSTestRunner.framework */,
				3C750F670F572446A1C2D3D0 /* Pods_IOSTestRunnerTests.framework */,
				3C3DC3C8A823E79661CF21C1 /* Pods_IOSTestRunnerUITests.framework */,
			);
			name = Frameworks;
			sourceTree = "<group>";
		};
		A1C683952312558A001F7CD0 /* cases */ = {
			isa = PBXGroup;
			children = (
				A1FEE1F8235475B4007FD238 /* AddValueTestCase.swift */,
				A1FEE1EF235475B2007FD238 /* AHQuoteListTestCase1.swift */,
				A1FEE21D235475B8007FD238 /* AHQuoteListTestCase2.swift */,
				A1FEE1D4235475B0007FD238 /* AHQuoteTestCase.swift */,
				A1FEE225235475B9007FD238 /* BidChartTestCase.swift */,
				A1FEE211235475B6007FD238 /* BigEventNotificationTestCase.swift */,
				A1FEE214235475B7007FD238 /* BlockTradeTestCase.swift */,
				A1FEE221235475B8007FD238 /* BondBasicInfoTestCase.swift */,
				A1FEE20D235475B6007FD238 /* BondBuyBacksTestCase.swift */,
				A1FEE1DF235475B1007FD238 /* BondInterestPayTestCase.swift */,
				A1FEE1F5235475B3007FD238 /* BonusFinanceTestCase.swift */,
				A1FEE1EE235475B2007FD238 /* BrokerInfoTestCase.swift */,
				A1FEE20A235475B6007FD238 /* ChartIndexTestCase.swift */,
				A1FEE1CF235475AF007FD238 /* ChartTestCase.swift */,
				A1FEE1E3235475B1007FD238 /* CompanyInfoTestCase.swift */,
				A1FEE220235475B8007FD238 /* CoreBusinessTestCase.swift */,
				A1FEE1EB235475B2007FD238 /* DRLinkTestCase.swift */,
				A1FEE21C235475B8007FD238 /* DRQuoteListTestCase.swift */,
				A1FEE1F9235475B4007FD238 /* ExpireMonthTestCase.swift */,
				A1FEE213235475B7007FD238 /* F10TestCase.swift */,
				A1FEE1E4235475B1007FD238 /* FinancialInfoTestCase.swift */,
				A1FEE1DE235475B1007FD238 /* FinancialSummaryTestCase.swift */,
				A1FEE1DC235475B0007FD238 /* ForecastRatingTestCase.swift */,
				A1FEE21B235475B8007FD238 /* ForecastYearTestCase.swift */,
				A1FEE1CD235475AF007FD238 /* FundAssetAllocationTestCase.swift */,
				A1FEE201235475B5007FD238 /* FundBasicInfoTestCase.swift */,
				A1FEE1FE235475B4007FD238 /* FundDividendTestCase.swift */,
				A1FEE1DB235475B0007FD238 /* FundFinanceTestCase.swift */,
				A1FEE21F235475B8007FD238 /* FundIndustryPortfolioTestCase.swift */,
				A1FEE1ED235475B2007FD238 /* FundNetValueTestCase.swift */,
				A1FEE1C9235475AF007FD238 /* FundShareHolderInfoTestCase.swift */,
				A1FEE1DA235475B0007FD238 /* FundShareStructTestCase.swift */,
				A1FEE1C8235475AF007FD238 /* FundStockPortfolioTestCase.swift */,
				A1FEE1D7235475B0007FD238 /* FundValueTestCase.swift */,
				A1FEE203235475B5007FD238 /* GradeFundTestCase.swift */,
				A1FEE1D8235475B0007FD238 /* HistoryChartTestCase.swift */,
				A1FEE1C5235475AE007FD238 /* HKMarketInfoTestCase.swift */,
				A1FEE1E7235475B2007FD238 /* HKPriceDiffTestCase.swift */,
				A1FEE1C6235475AE007FD238 /* HKQuoteInfoTestCase.swift */,
				A1FEE224235475B9007FD238 /* HSAmountTestCase.swift */,
				A1FEE1F7235475B3007FD238 /* IndexUpdownsTestCase.swift */,
				A1FEE205235475B5007FD238 /* IPOCalendarTestCase.swift */,
				A1FEE21A235475B7007FD238 /* IPODateTestCase.swift */,
				A1FEE1E8235475B2007FD238 /* IPOShareDetailTestCase.swift */,
				A1FEE200235475B4007FD238 /* L2TimeTickDetailTestCase.swift */,
				A1FEE1D6235475B0007FD238 /* L2TimeTickTestCase.swift */,
				A1FEE1CA235475AF007FD238 /* LatestIndexTestCase.swift */,
				A1FEE1E5235475B1007FD238 /* LeaderPersonInfoTestCase.swift */,
				A1FEE215235475B7007FD238 /* LinkQuoteTestCase.swift */,
				A1FEE21E235475B8007FD238 /* MAddValueTestCass.swift */,
				A1FEE223235475B9007FD238 /* MarginInfoDiffTestCase.swift */,
				A1FEE1D9235475B0007FD238 /* MarginInfoShareTestCase.swift */,
				A1FEE1EA235475B2007FD238 /* MarginInfoTestCase.swift */,
				A1FEE1F0235475B3007FD238 /* MarketHolidayTestCase.swift */,
				A1FEE1FD235475B4007FD238 /* MarketUpdownsTestCase.swift */,
				A1FEE1FF235475B4007FD238 /* NewsListTestCase.swift */,
				A1FEE1F3235475B3007FD238 /* NewsTestCase.swift */,
				A1FEE1E0235475B1007FD238 /* OHLCSubTestCase.swift */,
				A1FEE1E2235475B1007FD238 /* OHLCTestCase.swift */,
				A1FEE1FA235475B4007FD238 /* OHLCV2TestCase.swift */,
				A1FEE1E9235475B2007FD238 /* OrderQuantityTestCase.swift */,
				A1FEE216235475B7007FD238 /* OverLayChartTestCase.swift */,
				A1FEE1D0235475AF007FD238 /* PlateIndexQuoteTestCase.swift */,
				A1FEE219235475B7007FD238 /* PriceVolumeTestCase.swift */,
				A1FEE202235475B5007FD238 /* SearchTestCase.swift */,
				A1FEE217235475B7007FD238 /* SectionSortingTestCase_1.swift */,
				A1FEE204235475B5007FD238 /* SectionSortingTestCase_2.swift */,
				A1FEE207235475B5007FD238 /* ShareHolderHistoryInfoTestCase.swift */,
				A1FEE206235475B5007FD238 /* StaticDataTestCase.swift */,
				A1FEE20C235475B6007FD238 /* StockNewsListTestCase.swift */,
				A1FEE1D1235475AF007FD238 /* StockReportListTestCase.swift */,
				A1FEE1E1235475B1007FD238 /* StockShareChangeInfoTestCase.swift */,
				A1FEE1C4235475AE007FD238 /* StockShareInfoTestCase.swift */,
				A1FEE1D2235475AF007FD238 /* SubnewBondRankingTestCase.swift */,
				A1FEE20E235475B6007FD238 /* SubnewStockRankingTestCase.swift */,
				A1FEE1DD235475B0007FD238 /* TimeTickTestCase.swift */,
				A1FEE209235475B5007FD238 /* TopLiquidShareHolderTestCase.swift */,
				A1FEE1F1235475B3007FD238 /* TopShareHolderTestCase.swift */,
				A1FEE1FC235475B4007FD238 /* TradeDateTestCase.swift */,
				A1FEE1E6235475B1007FD238 /* TradeDetailInfoTestCase.swift */,
				A1FEE1D3235475AF007FD238 /* TradeQuoteTestCase.swift */,
				A1FEE208235475B5007FD238 /* UKQuoteTestCase.swift */,
				A153911F23113DF3007648F4 /* ExampleTestCase1.swift */,
				A11F869823150A4400F75635 /* ExampleTestCase2.swift */,
			);
			path = cases;
			sourceTree = "<group>";
		};
		A1F7BF472313DBD900687389 /* base */ = {
			isa = PBXGroup;
			children = (
				A1F7BF422313D4D800687389 /* BaseTestCase.swift */,
				A1F7BF452313DB4D00687389 /* ParametrizedTestCase.m */,
				A1F7BF442313DB1C00687389 /* ParametrizedTestCase.h */,
			);
			path = base;
			sourceTree = "<group>";
		};
/* End PBXGroup section */

/* Begin PBXNativeTarget section */
		A153910623113DF3007648F4 /* IOSTestRunner */ = {
			isa = PBXNativeTarget;
			buildConfigurationList = A153912F23113DF3007648F4 /* Build configuration list for PBXNativeTarget "IOSTestRunner" */;
			buildPhases = (
				520CA894F283FA64964E06BE /* [CP] Check Pods Manifest.lock */,
				A153910323113DF3007648F4 /* Sources */,
				A153910423113DF3007648F4 /* Frameworks */,
				A153910523113DF3007648F4 /* Resources */,
				46EA9CE336B3E2280E971F39 /* [CP] Embed Pods Frameworks */,
			);
			buildRules = (
			);
			dependencies = (
			);
			name = IOSTestRunner;
			productName = IOSTestRunner;
			productReference = A153910723113DF3007648F4 /* IOSTestRunner.app */;
			productType = "com.apple.product-type.application";
		};
		A153911A23113DF3007648F4 /* IOSTestRunnerTests */ = {
			isa = PBXNativeTarget;
			buildConfigurationList = A153913223113DF3007648F4 /* Build configuration list for PBXNativeTarget "IOSTestRunnerTests" */;
			buildPhases = (
				036123CB7728B78AFD5107ED /* [CP] Check Pods Manifest.lock */,
				A153911723113DF3007648F4 /* Sources */,
				A153911823113DF3007648F4 /* Frameworks */,
				A153911923113DF3007648F4 /* Resources */,
			);
			buildRules = (
			);
			dependencies = (
				A153911D23113DF3007648F4 /* PBXTargetDependency */,
			);
			name = IOSTestRunnerTests;
			productName = IOSTestRunnerTests;
			productReference = A153911B23113DF3007648F4 /* IOSTestRunnerTests.xctest */;
			productType = "com.apple.product-type.bundle.unit-test";
		};
		A153912523113DF3007648F4 /* IOSTestRunnerUITests */ = {
			isa = PBXNativeTarget;
			buildConfigurationList = A153913523113DF3007648F4 /* Build configuration list for PBXNativeTarget "IOSTestRunnerUITests" */;
			buildPhases = (
				45BECC0EA856CA83BD67BE05 /* [CP] Check Pods Manifest.lock */,
				A153912223113DF3007648F4 /* Sources */,
				A153912323113DF3007648F4 /* Frameworks */,
				A153912423113DF3007648F4 /* Resources */,
			);
			buildRules = (
			);
			dependencies = (
				A153912823113DF3007648F4 /* PBXTargetDependency */,
			);
			name = IOSTestRunnerUITests;
			productName = IOSTestRunnerUITests;
			productReference = A153912623113DF3007648F4 /* IOSTestRunnerUITests.xctest */;
			productType = "com.apple.product-type.bundle.ui-testing";
		};
/* End PBXNativeTarget section */

/* Begin PBXProject section */
		A15390FF23113DF3007648F4 /* Project object */ = {
			isa = PBXProject;
			attributes = {
				LastSwiftUpdateCheck = 0920;
				LastUpgradeCheck = 0920;
				ORGANIZATIONNAME = "liao xiangsen";
				TargetAttributes = {
					A153910623113DF3007648F4 = {
						CreatedOnToolsVersion = 9.2;
						ProvisioningStyle = Manual;
					};
					A153911A23113DF3007648F4 = {
						CreatedOnToolsVersion = 9.2;
						LastSwiftMigration = 0920;
						ProvisioningStyle = Automatic;
						TestTargetID = A153910623113DF3007648F4;
					};
					A153912523113DF3007648F4 = {
						CreatedOnToolsVersion = 9.2;
						ProvisioningStyle = Automatic;
						TestTargetID = A153910623113DF3007648F4;
					};
				};
			};
			buildConfigurationList = A153910223113DF3007648F4 /* Build configuration list for PBXProject "IOSTestRunner" */;
			compatibilityVersion = "Xcode 8.0";
			developmentRegion = en;
			hasScannedForEncodings = 0;
			knownRegions = (
				en,
				Base,
			);
			mainGroup = A15390FE23113DF3007648F4;
			productRefGroup = A153910823113DF3007648F4 /* Products */;
			projectDirPath = "";
			projectRoot = "";
			targets = (
				A153910623113DF3007648F4 /* IOSTestRunner */,
				A153911A23113DF3007648F4 /* IOSTestRunnerTests */,
				A153912523113DF3007648F4 /* IOSTestRunnerUITests */,
			);
		};
/* End PBXProject section */

/* Begin PBXResourcesBuildPhase section */
		A153910523113DF3007648F4 /* Resources */ = {
			isa = PBXResourcesBuildPhase;
			buildActionMask = 2147483647;
			files = (
				A153911523113DF3007648F4 /* LaunchScreen.storyboard in Resources */,
				A153911223113DF3007648F4 /* Assets.xcassets in Resources */,
				A153911023113DF3007648F4 /* Main.storyboard in Resources */,
			);
			runOnlyForDeploymentPostprocessing = 0;
		};
		A153911923113DF3007648F4 /* Resources */ = {
			isa = PBXResourcesBuildPhase;
			buildActionMask = 2147483647;
			files = (
			);
			runOnlyForDeploymentPostprocessing = 0;
		};
		A153912423113DF3007648F4 /* Resources */ = {
			isa = PBXResourcesBuildPhase;
			buildActionMask = 2147483647;
			files = (
			);
			runOnlyForDeploymentPostprocessing = 0;
		};
/* End PBXResourcesBuildPhase section */

/* Begin PBXShellScriptBuildPhase section */
		036123CB7728B78AFD5107ED /* [CP] Check Pods Manifest.lock */ = {
			isa = PBXShellScriptBuildPhase;
			buildActionMask = 2147483647;
			files = (
			);
			inputPaths = (
				"${PODS_PODFILE_DIR_PATH}/Podfile.lock",
				"${PODS_ROOT}/Manifest.lock",
			);
			name = "[CP] Check Pods Manifest.lock";
			outputPaths = (
				"$(DERIVED_FILE_DIR)/Pods-IOSTestRunnerTests-checkManifestLockResult.txt",
			);
			runOnlyForDeploymentPostprocessing = 0;
			shellPath = /bin/sh;
			shellScript = "diff \"${PODS_PODFILE_DIR_PATH}/Podfile.lock\" \"${PODS_ROOT}/Manifest.lock\" > /dev/null\nif [ $? != 0 ] ; then\n    # print error to STDERR\n    echo \"error: The sandbox is not in sync with the Podfile.lock. Run 'pod install' or update your CocoaPods installation.\" >&2\n    exit 1\nfi\n# This output is used by Xcode 'outputs' to avoid re-running this script phase.\necho \"SUCCESS\" > \"${SCRIPT_OUTPUT_FILE_0}\"\n";
			showEnvVarsInLog = 0;
		};
		45BECC0EA856CA83BD67BE05 /* [CP] Check Pods Manifest.lock */ = {
			isa = PBXShellScriptBuildPhase;
			buildActionMask = 2147483647;
			files = (
			);
			inputPaths = (
				"${PODS_PODFILE_DIR_PATH}/Podfile.lock",
				"${PODS_ROOT}/Manifest.lock",
			);
			name = "[CP] Check Pods Manifest.lock";
			outputPaths = (
				"$(DERIVED_FILE_DIR)/Pods-IOSTestRunnerUITests-checkManifestLockResult.txt",
			);
			runOnlyForDeploymentPostprocessing = 0;
			shellPath = /bin/sh;
			shellScript = "diff \"${PODS_PODFILE_DIR_PATH}/Podfile.lock\" \"${PODS_ROOT}/Manifest.lock\" > /dev/null\nif [ $? != 0 ] ; then\n    # print error to STDERR\n    echo \"error: The sandbox is not in sync with the Podfile.lock. Run 'pod install' or update your CocoaPods installation.\" >&2\n    exit 1\nfi\n# This output is used by Xcode 'outputs' to avoid re-running this script phase.\necho \"SUCCESS\" > \"${SCRIPT_OUTPUT_FILE_0}\"\n";
			showEnvVarsInLog = 0;
		};
		46EA9CE336B3E2280E971F39 /* [CP] Embed Pods Frameworks */ = {
			isa = PBXShellScriptBuildPhase;
			buildActionMask = 2147483647;
			files = (
			);
			inputPaths = (
				"${PODS_ROOT}/Target Support Files/Pods-IOSTestRunner/Pods-IOSTestRunner-frameworks.sh",
				"${BUILT_PRODUCTS_DIR}/MongoSwift/MongoSwift.framework",
				"${BUILT_PRODUCTS_DIR}/SwiftProtobuf/SwiftProtobuf.framework",
				"${BUILT_PRODUCTS_DIR}/SwiftyJSON/SwiftyJSON.framework",
				"${PODS_ROOT}/mongo-embedded-c-driver/iPhoneOS/Frameworks/bson.framework",
				"${PODS_ROOT}/mongo-embedded-c-driver/iPhoneOS/Frameworks/bson.framework.dSYM",
				"${PODS_ROOT}/mongo-embedded-c-driver/iPhoneOS/Frameworks/mongoc.framework",
				"${PODS_ROOT}/mongo-embedded-c-driver/iPhoneOS/Frameworks/mongoc.framework.dSYM",
			);
			name = "[CP] Embed Pods Frameworks";
			outputPaths = (
				"${TARGET_BUILD_DIR}/${FRAMEWORKS_FOLDER_PATH}/MongoSwift.framework",
				"${TARGET_BUILD_DIR}/${FRAMEWORKS_FOLDER_PATH}/SwiftProtobuf.framework",
				"${TARGET_BUILD_DIR}/${FRAMEWORKS_FOLDER_PATH}/SwiftyJSON.framework",
				"${TARGET_BUILD_DIR}/${FRAMEWORKS_FOLDER_PATH}/bson.framework",
				"${DWARF_DSYM_FOLDER_PATH}/bson.framework.dSYM",
				"${TARGET_BUILD_DIR}/${FRAMEWORKS_FOLDER_PATH}/mongoc.framework",
				"${DWARF_DSYM_FOLDER_PATH}/mongoc.framework.dSYM",
			);
			runOnlyForDeploymentPostprocessing = 0;
			shellPath = /bin/sh;
			shellScript = "\"${PODS_ROOT}/Target Support Files/Pods-IOSTestRunner/Pods-IOSTestRunner-frameworks.sh\"\n";
			showEnvVarsInLog = 0;
		};
		520CA894F283FA64964E06BE /* [CP] Check Pods Manifest.lock */ = {
			isa = PBXShellScriptBuildPhase;
			buildActionMask = 2147483647;
			files = (
			);
			inputPaths = (
				"${PODS_PODFILE_DIR_PATH}/Podfile.lock",
				"${PODS_ROOT}/Manifest.lock",
			);
			name = "[CP] Check Pods Manifest.lock";
			outputPaths = (
				"$(DERIVED_FILE_DIR)/Pods-IOSTestRunner-checkManifestLockResult.txt",
			);
			runOnlyForDeploymentPostprocessing = 0;
			shellPath = /bin/sh;
			shellScript = "diff \"${PODS_PODFILE_DIR_PATH}/Podfile.lock\" \"${PODS_ROOT}/Manifest.lock\" > /dev/null\nif [ $? != 0 ] ; then\n    # print error to STDERR\n    echo \"error: The sandbox is not in sync with the Podfile.lock. Run 'pod install' or update your CocoaPods installation.\" >&2\n    exit 1\nfi\n# This output is used by Xcode 'outputs' to avoid re-running this script phase.\necho \"SUCCESS\" > \"${SCRIPT_OUTPUT_FILE_0}\"\n";
			showEnvVarsInLog = 0;
		};
/* End PBXShellScriptBuildPhase section */

/* Begin PBXSourcesBuildPhase section */
		A153910323113DF3007648F4 /* Sources */ = {
			isa = PBXSourcesBuildPhase;
			buildActionMask = 2147483647;
			files = (
				A153910D23113DF3007648F4 /* ViewController.swift in Sources */,
				A153910B23113DF3007648F4 /* AppDelegate.swift in Sources */,
			);
			runOnlyForDeploymentPostprocessing = 0;
		};
		A153911723113DF3007648F4 /* Sources */ = {
			isa = PBXSourcesBuildPhase;
			buildActionMask = 2147483647;
			files = (
				A1FEE287235475B9007FD238 /* HSAmountTestCase.swift in Sources */,
				A1FEE262235475B9007FD238 /* NewsListTestCase.swift in Sources */,
				A1FEE232235475B9007FD238 /* ChartTestCase.swift in Sources */,
				A1FEE269235475B9007FD238 /* StaticDataTestCase.swift in Sources */,
				A1FEE230235475B9007FD238 /* FundAssetAllocationTestCase.swift in Sources */,
				A1FEE267235475B9007FD238 /* SectionSortingTestCase_2.swift in Sources */,
				A1FEE281235475B9007FD238 /* MAddValueTestCass.swift in Sources */,
				A11F65832314D3F6000071A2 /* config.pb.swift in Sources */,
				A1FEE22D235475B9007FD238 /* LatestIndexTestCase.swift in Sources */,
				A1FEE284235475B9007FD238 /* BondBasicInfoTestCase.swift in Sources */,
				A1FEE248235475B9007FD238 /* LeaderPersonInfoTestCase.swift in Sources */,
				A1FEE27F235475B9007FD238 /* DRQuoteListTestCase.swift in Sources */,
				A1C6838923123DEE001F7CD0 /* StockTestCaseName.swift in Sources */,
				A1FEE245235475B9007FD238 /* OHLCTestCase.swift in Sources */,
				A1FEE282235475B9007FD238 /* FundIndustryPortfolioTestCase.swift in Sources */,
				A1FEE227235475B9007FD238 /* StockShareInfoTestCase.swift in Sources */,
				A1FEE249235475B9007FD238 /* TradeDetailInfoTestCase.swift in Sources */,
				A1FEE258235475B9007FD238 /* BonusFinanceTestCase.swift in Sources */,
				A1FEE23B235475B9007FD238 /* HistoryChartTestCase.swift in Sources */,
				A1C0CEA7231F61E0002F1A26 /* record.pb.swift in Sources */,
				A1FEE25C235475B9007FD238 /* ExpireMonthTestCase.swift in Sources */,
				A1FEE228235475B9007FD238 /* HKMarketInfoTestCase.swift in Sources */,
				A1FEE24E235475B9007FD238 /* DRLinkTestCase.swift in Sources */,
				A1FEE283235475B9007FD238 /* CoreBusinessTestCase.swift in Sources */,
				A1FEE266235475B9007FD238 /* GradeFundTestCase.swift in Sources */,
				A1FEE288235475B9007FD238 /* BidChartTestCase.swift in Sources */,
				A1FEE261235475B9007FD238 /* FundDividendTestCase.swift in Sources */,
				A1FEE26C235475B9007FD238 /* TopLiquidShareHolderTestCase.swift in Sources */,
				A1FEE271235475B9007FD238 /* SubnewStockRankingTestCase.swift in Sources */,
				A1FEE22C235475B9007FD238 /* FundShareHolderInfoTestCase.swift in Sources */,
				A1FEE24B235475B9007FD238 /* IPOShareDetailTestCase.swift in Sources */,
				A1FEE27E235475B9007FD238 /* ForecastYearTestCase.swift in Sources */,
				A1FEE260235475B9007FD238 /* MarketUpdownsTestCase.swift in Sources */,
				A1FEE26D235475B9007FD238 /* ChartIndexTestCase.swift in Sources */,
				A1FEE26B235475B9007FD238 /* UKQuoteTestCase.swift in Sources */,
				A1FEE254235475B9007FD238 /* TopShareHolderTestCase.swift in Sources */,
				A1FEE280235475B9007FD238 /* AHQuoteListTestCase2.swift in Sources */,
				A153912023113DF3007648F4 /* ExampleTestCase1.swift in Sources */,
				A1FEE274235475B9007FD238 /* BigEventNotificationTestCase.swift in Sources */,
				A1FEE237235475B9007FD238 /* AHQuoteTestCase.swift in Sources */,
				A1FEE264235475B9007FD238 /* FundBasicInfoTestCase.swift in Sources */,
				A1FEE229235475B9007FD238 /* HKQuoteInfoTestCase.swift in Sources */,
				A11F869B23156AAB00F75635 /* TestCaseRoundConfig.swift in Sources */,
				A1FEE23E235475B9007FD238 /* FundFinanceTestCase.swift in Sources */,
				A1FEE278235475B9007FD238 /* LinkQuoteTestCase.swift in Sources */,
				A1FEE239235475B9007FD238 /* L2TimeTickTestCase.swift in Sources */,
				A11F869923150A4400F75635 /* ExampleTestCase2.swift in Sources */,
				A1FEE256235475B9007FD238 /* NewsTestCase.swift in Sources */,
				A1DDD9BB239A62F1000640C3 /* LogCollector.swift in Sources */,
				A1FEE276235475B9007FD238 /* F10TestCase.swift in Sources */,
				A1DA4151231E49750019A5D4 /* TestResultCollector.swift in Sources */,
				A1FEE27A235475B9007FD238 /* SectionSortingTestCase_1.swift in Sources */,
				A1FEE23F235475B9007FD238 /* ForecastRatingTestCase.swift in Sources */,
				A1FEE23A235475B9007FD238 /* FundValueTestCase.swift in Sources */,
				A1FEE24A235475B9007FD238 /* HKPriceDiffTestCase.swift in Sources */,
				A1F7BF41231388DE00687389 /* Utils.swift in Sources */,
				A1FEE270235475B9007FD238 /* BondBuyBacksTestCase.swift in Sources */,
				A1FEE233235475B9007FD238 /* PlateIndexQuoteTestCase.swift in Sources */,
				A1FEE24D235475B9007FD238 /* MarginInfoTestCase.swift in Sources */,
				A1FEE247235475B9007FD238 /* FinancialInfoTestCase.swift in Sources */,
				A1FEE26F235475B9007FD238 /* StockNewsListTestCase.swift in Sources */,
				A1FEE252235475B9007FD238 /* AHQuoteListTestCase1.swift in Sources */,
				A1FEE23D235475B9007FD238 /* FundShareStructTestCase.swift in Sources */,
				A1FEE253235475B9007FD238 /* MarketHolidayTestCase.swift in Sources */,
				A1FEE25B235475B9007FD238 /* AddValueTestCase.swift in Sources */,
				A1DA4153231E4D5A0019A5D4 /* StockTestObservation.swift in Sources */,
				A1FEE244235475B9007FD238 /* StockShareChangeInfoTestCase.swift in Sources */,
				A1FEE25A235475B9007FD238 /* IndexUpdownsTestCase.swift in Sources */,
				A1FEE25F235475B9007FD238 /* TradeDateTestCase.swift in Sources */,
				A1FEE27D235475B9007FD238 /* IPODateTestCase.swift in Sources */,
				A1C68387231180E0001F7CD0 /* RunnerSetup.swift in Sources */,
				A1FEE241235475B9007FD238 /* FinancialSummaryTestCase.swift in Sources */,
				A1FEE250235475B9007FD238 /* FundNetValueTestCase.swift in Sources */,
				A1FEE279235475B9007FD238 /* OverLayChartTestCase.swift in Sources */,
				A1FEE263235475B9007FD238 /* L2TimeTickDetailTestCase.swift in Sources */,
				A1F7BF462313DB4D00687389 /* ParametrizedTestCase.m in Sources */,
				A1FEE242235475B9007FD238 /* BondInterestPayTestCase.swift in Sources */,
				A1FEE234235475B9007FD238 /* StockReportListTestCase.swift in Sources */,
				A1FEE27C235475B9007FD238 /* PriceVolumeTestCase.swift in Sources */,
				A1FEE22B235475B9007FD238 /* FundStockPortfolioTestCase.swift in Sources */,
				A1FEE286235475B9007FD238 /* MarginInfoDiffTestCase.swift in Sources */,
				A1FEE268235475B9007FD238 /* IPOCalendarTestCase.swift in Sources */,
				A1FEE251235475B9007FD238 /* BrokerInfoTestCase.swift in Sources */,
				A1658D1623177FD100B876D3 /* SDKSetup.swift in Sources */,
				A1FEE236235475B9007FD238 /* TradeQuoteTestCase.swift in Sources */,
				A1FEE265235475B9007FD238 /* SearchTestCase.swift in Sources */,
				A1FEE23C235475B9007FD238 /* MarginInfoShareTestCase.swift in Sources */,
				A1DDD9B9239A62DA000640C3 /* MongoCollector.swift in Sources */,
				A1FEE277235475B9007FD238 /* BlockTradeTestCase.swift in Sources */,
				A1FEE235235475B9007FD238 /* SubnewBondRankingTestCase.swift in Sources */,
				A1FEE243235475B9007FD238 /* OHLCSubTestCase.swift in Sources */,
				A1FEE25D235475B9007FD238 /* OHLCV2TestCase.swift in Sources */,
				A1FEE26A235475B9007FD238 /* ShareHolderHistoryInfoTestCase.swift in Sources */,
				A1F7BF432313D4D800687389 /* BaseTestCase.swift in Sources */,
				A1FEE24C235475B9007FD238 /* OrderQuantityTestCase.swift in Sources */,
				A1FEE240235475B9007FD238 /* TimeTickTestCase.swift in Sources */,
				A1FEE246235475B9007FD238 /* CompanyInfoTestCase.swift in Sources */,
			);
			runOnlyForDeploymentPostprocessing = 0;
		};
		A153912223113DF3007648F4 /* Sources */ = {
			isa = PBXSourcesBuildPhase;
			buildActionMask = 2147483647;
			files = (
				A153912B23113DF3007648F4 /* IOSTestRunnerUITests.swift in Sources */,
			);
			runOnlyForDeploymentPostprocessing = 0;
		};
/* End PBXSourcesBuildPhase section */

/* Begin PBXTargetDependency section */
		A153911D23113DF3007648F4 /* PBXTargetDependency */ = {
			isa = PBXTargetDependency;
			target = A153910623113DF3007648F4 /* IOSTestRunner */;
			targetProxy = A153911C23113DF3007648F4 /* PBXContainerItemProxy */;
		};
		A153912823113DF3007648F4 /* PBXTargetDependency */ = {
			isa = PBXTargetDependency;
			target = A153910623113DF3007648F4 /* IOSTestRunner */;
			targetProxy = A153912723113DF3007648F4 /* PBXContainerItemProxy */;
		};
/* End PBXTargetDependency section */

/* Begin PBXVariantGroup section */
		A153910E23113DF3007648F4 /* Main.storyboard */ = {
			isa = PBXVariantGroup;
			children = (
				A153910F23113DF3007648F4 /* Base */,
			);
			name = Main.storyboard;
			sourceTree = "<group>";
		};
		A153911323113DF3007648F4 /* LaunchScreen.storyboard */ = {
			isa = PBXVariantGroup;
			children = (
				A153911423113DF3007648F4 /* Base */,
			);
			name = LaunchScreen.storyboard;
			sourceTree = "<group>";
		};
/* End PBXVariantGroup section */

/* Begin XCBuildConfiguration section */
		A153912D23113DF3007648F4 /* Debug */ = {
			isa = XCBuildConfiguration;
			buildSettings = {
				ALWAYS_SEARCH_USER_PATHS = NO;
				CLANG_ANALYZER_NONNULL = YES;
				CLANG_ANALYZER_NUMBER_OBJECT_CONVERSION = YES_AGGRESSIVE;
				CLANG_CXX_LANGUAGE_STANDARD = "gnu++14";
				CLANG_CXX_LIBRARY = "libc++";
				CLANG_ENABLE_MODULES = YES;
				CLANG_ENABLE_OBJC_ARC = YES;
				CLANG_WARN_BLOCK_CAPTURE_AUTORELEASING = YES;
				CLANG_WARN_BOOL_CONVERSION = YES;
				CLANG_WARN_COMMA = YES;
				CLANG_WARN_CONSTANT_CONVERSION = YES;
				CLANG_WARN_DIRECT_OBJC_ISA_USAGE = YES_ERROR;
				CLANG_WARN_DOCUMENTATION_COMMENTS = YES;
				CLANG_WARN_EMPTY_BODY = YES;
				CLANG_WARN_ENUM_CONVERSION = YES;
				CLANG_WARN_INFINITE_RECURSION = YES;
				CLANG_WARN_INT_CONVERSION = YES;
				CLANG_WARN_NON_LITERAL_NULL_CONVERSION = YES;
				CLANG_WARN_OBJC_LITERAL_CONVERSION = YES;
				CLANG_WARN_OBJC_ROOT_CLASS = YES_ERROR;
				CLANG_WARN_RANGE_LOOP_ANALYSIS = YES;
				CLANG_WARN_STRICT_PROTOTYPES = YES;
				CLANG_WARN_SUSPICIOUS_MOVE = YES;
				CLANG_WARN_UNGUARDED_AVAILABILITY = YES_AGGRESSIVE;
				CLANG_WARN_UNREACHABLE_CODE = YES;
				CLANG_WARN__DUPLICATE_METHOD_MATCH = YES;
				CODE_SIGN_IDENTITY = "iPhone Developer";
				COPY_PHASE_STRIP = NO;
				DEBUG_INFORMATION_FORMAT = dwarf;
				ENABLE_STRICT_OBJC_MSGSEND = YES;
				ENABLE_TESTABILITY = YES;
				GCC_C_LANGUAGE_STANDARD = gnu11;
				GCC_DYNAMIC_NO_PIC = NO;
				GCC_NO_COMMON_BLOCKS = YES;
				GCC_OPTIMIZATION_LEVEL = 0;
				GCC_PREPROCESSOR_DEFINITIONS = (
					"DEBUG=1",
					"$(inherited)",
				);
				GCC_WARN_64_TO_32_BIT_CONVERSION = YES;
				GCC_WARN_ABOUT_RETURN_TYPE = YES_ERROR;
				GCC_WARN_UNDECLARED_SELECTOR = YES;
				GCC_WARN_UNINITIALIZED_AUTOS = YES_AGGRESSIVE;
				GCC_WARN_UNUSED_FUNCTION = YES;
				GCC_WARN_UNUSED_VARIABLE = YES;
				IPHONEOS_DEPLOYMENT_TARGET = 11.2;
				MTL_ENABLE_DEBUG_INFO = YES;
				ONLY_ACTIVE_ARCH = YES;
				SDKROOT = iphoneos;
				SWIFT_ACTIVE_COMPILATION_CONDITIONS = DEBUG;
				SWIFT_OPTIMIZATION_LEVEL = "-Onone";
			};
			name = Debug;
		};
		A153912E23113DF3007648F4 /* Release */ = {
			isa = XCBuildConfiguration;
			buildSettings = {
				ALWAYS_SEARCH_USER_PATHS = NO;
				CLANG_ANALYZER_NONNULL = YES;
				CLANG_ANALYZER_NUMBER_OBJECT_CONVERSION = YES_AGGRESSIVE;
				CLANG_CXX_LANGUAGE_STANDARD = "gnu++14";
				CLANG_CXX_LIBRARY = "libc++";
				CLANG_ENABLE_MODULES = YES;
				CLANG_ENABLE_OBJC_ARC = YES;
				CLANG_WARN_BLOCK_CAPTURE_AUTORELEASING = YES;
				CLANG_WARN_BOOL_CONVERSION = YES;
				CLANG_WARN_COMMA = YES;
				CLANG_WARN_CONSTANT_CONVERSION = YES;
				CLANG_WARN_DIRECT_OBJC_ISA_USAGE = YES_ERROR;
				CLANG_WARN_DOCUMENTATION_COMMENTS = YES;
				CLANG_WARN_EMPTY_BODY = YES;
				CLANG_WARN_ENUM_CONVERSION = YES;
				CLANG_WARN_INFINITE_RECURSION = YES;
				CLANG_WARN_INT_CONVERSION = YES;
				CLANG_WARN_NON_LITERAL_NULL_CONVERSION = YES;
				CLANG_WARN_OBJC_LITERAL_CONVERSION = YES;
				CLANG_WARN_OBJC_ROOT_CLASS = YES_ERROR;
				CLANG_WARN_RANGE_LOOP_ANALYSIS = YES;
				CLANG_WARN_STRICT_PROTOTYPES = YES;
				CLANG_WARN_SUSPICIOUS_MOVE = YES;
				CLANG_WARN_UNGUARDED_AVAILABILITY = YES_AGGRESSIVE;
				CLANG_WARN_UNREACHABLE_CODE = YES;
				CLANG_WARN__DUPLICATE_METHOD_MATCH = YES;
				CODE_SIGN_IDENTITY = "iPhone Developer";
				COPY_PHASE_STRIP = NO;
				DEBUG_INFORMATION_FORMAT = "dwarf-with-dsym";
				ENABLE_NS_ASSERTIONS = NO;
				ENABLE_STRICT_OBJC_MSGSEND = YES;
				GCC_C_LANGUAGE_STANDARD = gnu11;
				GCC_NO_COMMON_BLOCKS = YES;
				GCC_WARN_64_TO_32_BIT_CONVERSION = YES;
				GCC_WARN_ABOUT_RETURN_TYPE = YES_ERROR;
				GCC_WARN_UNDECLARED_SELECTOR = YES;
				GCC_WARN_UNINITIALIZED_AUTOS = YES_AGGRESSIVE;
				GCC_WARN_UNUSED_FUNCTION = YES;
				GCC_WARN_UNUSED_VARIABLE = YES;
				IPHONEOS_DEPLOYMENT_TARGET = 11.2;
				MTL_ENABLE_DEBUG_INFO = NO;
				SDKROOT = iphoneos;
				SWIFT_OPTIMIZATION_LEVEL = "-Owholemodule";
				VALIDATE_PRODUCT = YES;
			};
			name = Release;
		};
		A153913023113DF3007648F4 /* Debug */ = {
			isa = XCBuildConfiguration;
			baseConfigurationReference = 4EB4EE57B2D9E4412B12A130 /* Pods-IOSTestRunner.debug.xcconfig */;
			buildSettings = {
				ASSETCATALOG_COMPILER_APPICON_NAME = AppIcon;
				CODE_SIGN_STYLE = Manual;
				DEVELOPMENT_TEAM = "";
				GCC_C_LANGUAGE_STANDARD = gnu99;
				GCC_PREPROCESSOR_DEFINITIONS = (
					"DEBUG=1",
					"$(inherited)",
				);
				INFOPLIST_FILE = IOSTestRunner/Info.plist;
				IPHONEOS_DEPLOYMENT_TARGET = 11.2;
				LD_RUNPATH_SEARCH_PATHS = "$(inherited) @executable_path/Frameworks";
				LIBRARY_SEARCH_PATHS = (
					"$(inherited)",
					"$(PROJECT_DIR)",
					"$(PROJECT_DIR)/IOSTestRunner",
				);
				MY_VAR = "";
				OTHER_LDFLAGS = (
					"$(inherited)",
					"-ObjC",
				);
				PRODUCT_BUNDLE_IDENTIFIER = com.mitake.ssetest.CrystalTouch;
				PRODUCT_NAME = "$(TARGET_NAME)";
				PROVISIONING_PROFILE_SPECIFIER = "";
				SWIFT_OBJC_BRIDGING_HEADER = "";
				SWIFT_VERSION = 4.0;
				TARGETED_DEVICE_FAMILY = 1;
				USER_HEADER_SEARCH_PATHS = "";
			};
			name = Debug;
		};
		A153913123113DF3007648F4 /* Release */ = {
			isa = XCBuildConfiguration;
			baseConfigurationReference = 02210385DFA559ED7FC610E5 /* Pods-IOSTestRunner.release.xcconfig */;
			buildSettings = {
				ASSETCATALOG_COMPILER_APPICON_NAME = AppIcon;
				CODE_SIGN_STYLE = Manual;
				DEVELOPMENT_TEAM = "";
				GCC_C_LANGUAGE_STANDARD = gnu99;
				INFOPLIST_FILE = IOSTestRunner/Info.plist;
				IPHONEOS_DEPLOYMENT_TARGET = 11.2;
				LD_RUNPATH_SEARCH_PATHS = "$(inherited) @executable_path/Frameworks";
				LIBRARY_SEARCH_PATHS = (
					"$(inherited)",
					"$(PROJECT_DIR)",
					"$(PROJECT_DIR)/IOSTestRunner",
				);
				MY_VAR = "";
				OTHER_LDFLAGS = (
					"$(inherited)",
					"-ObjC",
				);
				PRODUCT_BUNDLE_IDENTIFIER = com.mitake.ssetest.CrystalTouch;
				PRODUCT_NAME = "$(TARGET_NAME)";
				PROVISIONING_PROFILE_SPECIFIER = "";
				SWIFT_OBJC_BRIDGING_HEADER = "";
				SWIFT_VERSION = 4.0;
				TARGETED_DEVICE_FAMILY = 1;
				USER_HEADER_SEARCH_PATHS = "";
			};
			name = Release;
		};
		A153913323113DF3007648F4 /* Debug */ = {
			isa = XCBuildConfiguration;
			baseConfigurationReference = 9DC61FBFB7002141182E1DB4 /* Pods-IOSTestRunnerTests.debug.xcconfig */;
			buildSettings = {
				ALWAYS_EMBED_SWIFT_STANDARD_LIBRARIES = YES;
				CLANG_ENABLE_MODULES = YES;
				"CODE_SIGN_IDENTITY[sdk=iphoneos*]" = "iPhone Developer";
				CODE_SIGN_STYLE = Automatic;
				DEVELOPMENT_TEAM = 9Y2VQ245QA;
				HEADER_SEARCH_PATHS = (
					"$(PROJECT)/protobuf",
					"$(PROJECT)/protobuf/google/protobuf",
				);
				INFOPLIST_FILE = IOSTestRunnerTests/Info.plist;
				LD_RUNPATH_SEARCH_PATHS = "$(inherited) @executable_path/Frameworks @loader_path/Frameworks";
				LIBRARY_SEARCH_PATHS = (
					"$(inherited)",
					"$(PROJECT_DIR)/sdk",
				);
				OTHER_LDFLAGS = (
					"$(inherited)",
					"-ObjC",
				);
				PRODUCT_BUNDLE_IDENTIFIER = com.mitake.ssetest.IOSTestRunnerTests;
				PRODUCT_NAME = "$(TARGET_NAME)";
				PROVISIONING_PROFILE_SPECIFIER = "";
				SWIFT_OBJC_BRIDGING_HEADER = "IOSTestRunnerTests/IOSTestRunnerTests-Bridging-Header.h";
				SWIFT_OPTIMIZATION_LEVEL = "-Onone";
				SWIFT_VERSION = 4.0;
				TARGETED_DEVICE_FAMILY = "1,2";
				TEST_HOST = "$(BUILT_PRODUCTS_DIR)/IOSTestRunner.app/IOSTestRunner";
				USER_HEADER_SEARCH_PATHS = "$(PROJECT_DIR)/sdk/MApi";
			};
			name = Debug;
		};
		A153913423113DF3007648F4 /* Release */ = {
			isa = XCBuildConfiguration;
			baseConfigurationReference = D926D17FD62EDABC23E51D7A /* Pods-IOSTestRunnerTests.release.xcconfig */;
			buildSettings = {
				ALWAYS_EMBED_SWIFT_STANDARD_LIBRARIES = YES;
				CLANG_ENABLE_MODULES = YES;
				"CODE_SIGN_IDENTITY[sdk=iphoneos*]" = "iPhone Developer";
				CODE_SIGN_STYLE = Automatic;
				DEVELOPMENT_TEAM = 9Y2VQ245QA;
				HEADER_SEARCH_PATHS = (
					"$(PROJECT)/protobuf",
					"$(PROJECT)/protobuf/google/protobuf",
				);
				INFOPLIST_FILE = IOSTestRunnerTests/Info.plist;
				LD_RUNPATH_SEARCH_PATHS = "$(inherited) @executable_path/Frameworks @loader_path/Frameworks";
				LIBRARY_SEARCH_PATHS = (
					"$(inherited)",
					"$(PROJECT_DIR)/sdk",
				);
				OTHER_LDFLAGS = (
					"$(inherited)",
					"-ObjC",
				);
				PRODUCT_BUNDLE_IDENTIFIER = com.mitake.ssetest.IOSTestRunnerTests;
				PRODUCT_NAME = "$(TARGET_NAME)";
				PROVISIONING_PROFILE_SPECIFIER = "";
				SWIFT_OBJC_BRIDGING_HEADER = "IOSTestRunnerTests/IOSTestRunnerTests-Bridging-Header.h";
				SWIFT_VERSION = 4.0;
				TARGETED_DEVICE_FAMILY = "1,2";
				TEST_HOST = "$(BUILT_PRODUCTS_DIR)/IOSTestRunner.app/IOSTestRunner";
				USER_HEADER_SEARCH_PATHS = "$(PROJECT_DIR)/sdk/MApi";
			};
			name = Release;
		};
		A153913623113DF3007648F4 /* Debug */ = {
			isa = XCBuildConfiguration;
			baseConfigurationReference = B9F9299787F0EE885B900D99 /* Pods-IOSTestRunnerUITests.debug.xcconfig */;
			buildSettings = {
				ALWAYS_EMBED_SWIFT_STANDARD_LIBRARIES = YES;
				CODE_SIGN_STYLE = Automatic;
				INFOPLIST_FILE = IOSTestRunnerUITests/Info.plist;
				LD_RUNPATH_SEARCH_PATHS = "$(inherited) @executable_path/Frameworks @loader_path/Frameworks";
				PRODUCT_BUNDLE_IDENTIFIER = com.mitake.ssetest.IOSTestRunnerUITests;
				PRODUCT_NAME = "$(TARGET_NAME)";
				SWIFT_VERSION = 4.0;
				TARGETED_DEVICE_FAMILY = "1,2";
				TEST_TARGET_NAME = IOSTestRunner;
			};
			name = Debug;
		};
		A153913723113DF3007648F4 /* Release */ = {
			isa = XCBuildConfiguration;
			baseConfigurationReference = AF2A90A5D7D394CAFFFEC886 /* Pods-IOSTestRunnerUITests.release.xcconfig */;
			buildSettings = {
				ALWAYS_EMBED_SWIFT_STANDARD_LIBRARIES = YES;
				CODE_SIGN_STYLE = Automatic;
				INFOPLIST_FILE = IOSTestRunnerUITests/Info.plist;
				LD_RUNPATH_SEARCH_PATHS = "$(inherited) @executable_path/Frameworks @loader_path/Frameworks";
				PRODUCT_BUNDLE_IDENTIFIER = com.mitake.ssetest.IOSTestRunnerUITests;
				PRODUCT_NAME = "$(TARGET_NAME)";
				SWIFT_VERSION = 4.0;
				TARGETED_DEVICE_FAMILY = "1,2";
				TEST_TARGET_NAME = IOSTestRunner;
			};
			name = Release;
		};
/* End XCBuildConfiguration section */

/* Begin XCConfigurationList section */
		A153910223113DF3007648F4 /* Build configuration list for PBXProject "IOSTestRunner" */ = {
			isa = XCConfigurationList;
			buildConfigurations = (
				A153912D23113DF3007648F4 /* Debug */,
				A153912E23113DF3007648F4 /* Release */,
			);
			defaultConfigurationIsVisible = 0;
			defaultConfigurationName = Debug;
		};
		A153912F23113DF3007648F4 /* Build configuration list for PBXNativeTarget "IOSTestRunner" */ = {
			isa = XCConfigurationList;
			buildConfigurations = (
				A153913023113DF3007648F4 /* Debug */,
				A153913123113DF3007648F4 /* Release */,
			);
			defaultConfigurationIsVisible = 0;
			defaultConfigurationName = Debug;
		};
		A153913223113DF3007648F4 /* Build configuration list for PBXNativeTarget "IOSTestRunnerTests" */ = {
			isa = XCConfigurationList;
			buildConfigurations = (
				A153913323113DF3007648F4 /* Debug */,
				A153913423113DF3007648F4 /* Release */,
			);
			defaultConfigurationIsVisible = 0;
			defaultConfigurationName = Debug;
		};
		A153913523113DF3007648F4 /* Build configuration list for PBXNativeTarget "IOSTestRunnerUITests" */ = {
			isa = XCConfigurationList;
			buildConfigurations = (
				A153913623113DF3007648F4 /* Debug */,
				A153913723113DF3007648F4 /* Release */,
			);
			defaultConfigurationIsVisible = 0;
			defaultConfigurationName = Debug;
		};
/* End XCConfigurationList section */
	};
	rootObject = A15390FF23113DF3007648F4 /* Project object */;
}
